
Microsoft Visual Studio Solution File, Format Version 12.00
# Visual Studio 2013
VisualStudioVersion = 12.0.40629.0
MinimumVisualStudioVersion = 10.0.40219.1
Project("{8BC9CEB8-8B4A-11D0-8D11-00A0C91BC942}") = "Distinct SubSequences", "Distinct SubSequences\Distinct SubSequences.vcxproj", "{8E8538BC-AEB9-49EA-951E-FFC062DC2049}"
EndProject
Project("{8BC9CEB8-8B4A-11D0-8D11-00A0C91BC942}") = "Reoder List", "Reoder List\Reoder List.vcxproj", "{B41890B1-10DE-4DEC-A172-6AC184B5D0E6}"
EndProject
Project("{8BC9CEB8-8B4A-11D0-8D11-00A0C91BC942}") = "Nim", "Nim\Nim.vcxproj", "{4D10DCB2-E4D5-4591-A51C-DA82FF920C48}"
EndProject
Project("{8BC9CEB8-8B4A-11D0-8D11-00A0C91BC942}") = "Add Digits", "Add Digits\Add Digits.vcxproj", "{77A4B00A-1D58-4BCA-A077-B405D860D86C}"
EndProject
Project("{8BC9CEB8-8B4A-11D0-8D11-00A0C91BC942}") = "Maximum Depth of Binary Tree", "Maximum Depth of Binary Tree\Maximum Depth of Binary Tree.vcxproj", "{FCC0779E-62D8-45E6-B483-6B274A4B3B55}"
EndProject
Project("{8BC9CEB8-8B4A-11D0-8D11-00A0C91BC942}") = "Delete Node in a Linked List", "Delete Node in a Linked List\Delete Node in a Linked List.vcxproj", "{010B8A4F-D69B-4335-9AAF-BF86528291FB}"
EndProject
Project("{8BC9CEB8-8B4A-11D0-8D11-00A0C91BC942}") = "Same Tree", "Same Tree\Same Tree.vcxproj", "{350452D5-DFAC-4C12-859B-A10C7CAA3CAF}"
EndProject
Project("{8BC9CEB8-8B4A-11D0-8D11-00A0C91BC942}") = "Move Zeroes", "Move Zeroes\Move Zeroes.vcxproj", "{FF58CB91-47B6-4D94-BC80-8DFB9A8A6E9C}"
EndProject
Project("{8BC9CEB8-8B4A-11D0-8D11-00A0C91BC942}") = "Invert Binary Tree", "Invert Binary Tree\Invert Binary Tree.vcxproj", "{F54DEBD0-9071-41E1-A29B-E40B22B33D51}"
EndProject
Project("{8BC9CEB8-8B4A-11D0-8D11-00A0C91BC942}") = "Contains Duplicate", "Contains Duplicate\Contains Duplicate.vcxproj", "{6520DB6D-400F-4FF5-8675-2F71651A5390}"
EndProject
Project("{8BC9CEB8-8B4A-11D0-8D11-00A0C91BC942}") = "Valid Anagram", "Valid Anagram\Valid Anagram.vcxproj", "{006C6AD9-9F29-413C-9CB9-BAC534917975}"
EndProject
Project("{8BC9CEB8-8B4A-11D0-8D11-00A0C91BC942}") = "Excel Sheet Column Number", "Excel Sheet Column Number\Excel Sheet Column Number.vcxproj", "{CCE1B70F-150D-4D9C-BFBD-182D7735C2EF}"
EndProject
Project("{8BC9CEB8-8B4A-11D0-8D11-00A0C91BC942}") = "Lowest Common Ancestor of a Binary Search Tree", "Lowest Common Ancestor of a Binary Search Tree\Lowest Common Ancestor of a Binary Search Tree.vcxproj", "{490D4691-535F-465F-B397-71E104C70FFF}"
EndProject
Project("{8BC9CEB8-8B4A-11D0-8D11-00A0C91BC942}") = "Majority Element", "Majority Element\Majority Element.vcxproj", "{B2BDAF9D-C849-495C-909E-337F5BC4603E}"
EndProject
Project("{8BC9CEB8-8B4A-11D0-8D11-00A0C91BC942}") = "Number of 1 Bits", "Number of 1 Bits\Number of 1 Bits.vcxproj", "{39F8EE2C-A7E2-47E7-A81C-4090E1A7A07A}"
EndProject
Project("{8BC9CEB8-8B4A-11D0-8D11-00A0C91BC942}") = "Reverse Linked List", "Reverse Linked List\Reverse Linked List.vcxproj", "{E66A2755-92D3-4B13-88CE-CF3BE7B16DF3}"
EndProject
Project("{8BC9CEB8-8B4A-11D0-8D11-00A0C91BC942}") = "Remove Duplicates from Sorted List", "Remove Duplicates from Sorted List\Remove Duplicates from Sorted List.vcxproj", "{981D1F9D-F7B1-4F86-BB56-B1515D8E703A}"
EndProject
Project("{8BC9CEB8-8B4A-11D0-8D11-00A0C91BC942}") = "Climbing Stairs", "Climbing Stairs\Climbing Stairs.vcxproj", "{07A49A16-4DC0-4A8C-A804-88B4994AB1C3}"
EndProject
Project("{8BC9CEB8-8B4A-11D0-8D11-00A0C91BC942}") = "Ugly Number", "Ugly Number\Ugly Number.vcxproj", "{58E65E19-DE2B-44E4-9A11-2C74C3A5F8B4}"
EndProject
Project("{8BC9CEB8-8B4A-11D0-8D11-00A0C91BC942}") = "Happy Number", "Happy Number\Happy Number.vcxproj", "{67F77D41-CC50-41C9-B2EA-80F81AA9F624}"
EndProject
Project("{8BC9CEB8-8B4A-11D0-8D11-00A0C91BC942}") = "Implement Queue using Stacks", "Implement Queue using Stacks\Implement Queue using Stacks.vcxproj", "{6D99239E-3E2C-4B46-AA50-49629152C945}"
EndProject
Project("{8BC9CEB8-8B4A-11D0-8D11-00A0C91BC942}") = "Merge Two Sorted Lists", "Merge Two Sorted Lists\Merge Two Sorted Lists.vcxproj", "{BB28BEBA-660F-43A7-984F-828CF8236513}"
EndProject
Project("{8BC9CEB8-8B4A-11D0-8D11-00A0C91BC942}") = "Power of Tow", "Power of Tow\Power of Tow.vcxproj", "{C51C3AA5-0A79-451C-8021-AB82F9102A36}"
EndProject
Project("{8BC9CEB8-8B4A-11D0-8D11-00A0C91BC942}") = "Balanced Binary Tree", "Balanced Binary Tree\Balanced Binary Tree.vcxproj", "{EF7353C6-42E6-4D81-88BF-D31C0633434A}"
EndProject
Project("{8BC9CEB8-8B4A-11D0-8D11-00A0C91BC942}") = "Symmetric Tree", "Symmetric Tree\Symmetric Tree.vcxproj", "{F29A0692-4B24-4778-A43C-839BDC0DB966}"
EndProject
Project("{8BC9CEB8-8B4A-11D0-8D11-00A0C91BC942}") = "Remove Element", "Remove Element\Remove Element.vcxproj", "{A0705B9F-8767-429B-9912-3DB15BF309B7}"
EndProject
Project("{8BC9CEB8-8B4A-11D0-8D11-00A0C91BC942}") = "Remove Duplicates from Sorted Array", "Remove Duplicates from Sorted Array\Remove Duplicates from Sorted Array.vcxproj", "{601B205D-D170-40C9-9B6B-9E725EDF817F}"
EndProject
Project("{8BC9CEB8-8B4A-11D0-8D11-00A0C91BC942}") = "Binary Tree Level Order Traversal II", "Binary Tree Level Order Traversal II\Binary Tree Level Order Traversal II.vcxproj", "{CBCC8AE5-D021-4124-88CF-5643B0532D49}"
EndProject
Project("{8BC9CEB8-8B4A-11D0-8D11-00A0C91BC942}") = "Binary Tree Level Order Traversal", "Binary Tree Level Order Traversal\Binary Tree Level Order Traversal.vcxproj", "{C37A2A55-9549-443C-AE7B-63726FC699D5}"
EndProject
Project("{8BC9CEB8-8B4A-11D0-8D11-00A0C91BC942}") = "House Robber", "House Robber\House Robber.vcxproj", "{3293E7EB-D9B9-4815-90A2-2F54578CF2E4}"
EndProject
Project("{8BC9CEB8-8B4A-11D0-8D11-00A0C91BC942}") = "Plus One", "Plus One\Plus One.vcxproj", "{42725607-BDE1-4714-93DF-2365EB229767}"
EndProject
Project("{8BC9CEB8-8B4A-11D0-8D11-00A0C91BC942}") = "Pascal's Triangle", "Pascal's Triangle\Pascal's Triangle.vcxproj", "{EE5CEE9B-CFB3-4DFE-8DE4-60CAF5324CFF}"
EndProject
Project("{8BC9CEB8-8B4A-11D0-8D11-00A0C91BC942}") = "Factorial Trailing Zeroes", "Factorial Trailing Zeroes\Factorial Trailing Zeroes.vcxproj", "{473AF612-81E0-41FD-A254-73105724DD0B}"
EndProject
Project("{8BC9CEB8-8B4A-11D0-8D11-00A0C91BC942}") = "Pascal's Triangle II", "Pascal's Triangle II\Pascal's Triangle II.vcxproj", "{692079D6-F3DB-45B3-9A5B-3CE1075DF809}"
EndProject
Project("{8BC9CEB8-8B4A-11D0-8D11-00A0C91BC942}") = "Path Sum", "Path Sum\Path Sum.vcxproj", "{B8EFFB57-557A-4994-8C19-B056FAFB8797}"
EndProject
Project("{8BC9CEB8-8B4A-11D0-8D11-00A0C91BC942}") = "Implement Stack using Queues", "Implement Stack using Queues\Implement Stack using Queues.vcxproj", "{62E5B040-B354-496B-BF03-055CE461B582}"
EndProject
Project("{8BC9CEB8-8B4A-11D0-8D11-00A0C91BC942}") = "Palindrome Number", "Palindrome Number\Palindrome Number.vcxproj", "{3170574B-2CAD-4266-96F9-EA01AFFB3B17}"
EndProject
Project("{8BC9CEB8-8B4A-11D0-8D11-00A0C91BC942}") = "Minimum Depth of Binary Tree", "Minimum Depth of Binary Tree\Minimum Depth of Binary Tree.vcxproj", "{2E4F9DD6-8A26-4A0F-84A2-FA5B97168D79}"
EndProject
Project("{8BC9CEB8-8B4A-11D0-8D11-00A0C91BC942}") = "Merge Sorted Array", "Merge Sorted Array\Merge Sorted Array.vcxproj", "{BB17F00A-3BCF-42F0-A883-355204285484}"
EndProject
Project("{8BC9CEB8-8B4A-11D0-8D11-00A0C91BC942}") = "Reverse Bits", "Reverse Bits\Reverse Bits.vcxproj", "{AE89C8ED-DD18-4860-843F-757299F095EA}"
EndProject
Project("{8BC9CEB8-8B4A-11D0-8D11-00A0C91BC942}") = "Valid Sudoku", "Valid Sudoku\Valid Sudoku.vcxproj", "{07835ED8-F8D5-4D54-8AD2-317DAF7B7DDE}"
EndProject
Project("{8BC9CEB8-8B4A-11D0-8D11-00A0C91BC942}") = "Length of Last Word", "Length of Last Word\Length of Last Word.vcxproj", "{3A997EA3-B35A-460F-8D8E-25EA27414505}"
EndProject
Project("{8BC9CEB8-8B4A-11D0-8D11-00A0C91BC942}") = "Rectangle Area", "Rectangle Area\Rectangle Area.vcxproj", "{C8AE9CB9-6E28-41EB-9C1D-85E507B35CC9}"
EndProject
Project("{8BC9CEB8-8B4A-11D0-8D11-00A0C91BC942}") = "Contains Duplicate II", "Contains Duplicate II\Contains Duplicate II.vcxproj", "{B89FD2C8-97BA-4C2F-9859-A1D66AD8CDD1}"
EndProject
Project("{8BC9CEB8-8B4A-11D0-8D11-00A0C91BC942}") = "Remove Nth Node From End of List", "Remove Nth Node From End of List\Remove Nth Node From End of List.vcxproj", "{4532DCDD-5608-4EA8-8808-3883EDCA5CE2}"
EndProject
Project("{8BC9CEB8-8B4A-11D0-8D11-00A0C91BC942}") = "Valid Parentheses", "Valid Parentheses\Valid Parentheses.vcxproj", "{F75218FA-A502-4ECD-8BF1-22F6B2F20D3A}"
EndProject
Project("{8BC9CEB8-8B4A-11D0-8D11-00A0C91BC942}") = "Isomorphic Strings", "Isomorphic Strings\Isomorphic Strings.vcxproj", "{A7CFB1B0-6010-4869-BFD2-3871C5118D02}"
EndProject
Project("{8BC9CEB8-8B4A-11D0-8D11-00A0C91BC942}") = "Word Pattern", "Word Pattern\Word Pattern.vcxproj", "{20BF5C24-64AD-4630-B89C-70B873B07D10}"
EndProject
Project("{8BC9CEB8-8B4A-11D0-8D11-00A0C91BC942}") = "Remove Linked List Elements", "Remove Linked List Elements\Remove Linked List Elements.vcxproj", "{B0851867-D8E1-48B4-B7AB-54F8ADCB3BC4}"
EndProject
Project("{8BC9CEB8-8B4A-11D0-8D11-00A0C91BC942}") = "Count and Say", "Count and Say\Count and Say.vcxproj", "{AC4A1BF6-18E4-4574-A3BD-A96DAEC32146}"
EndProject
Project("{8BC9CEB8-8B4A-11D0-8D11-00A0C91BC942}") = "Longest Common Prefix", "Longest Common Prefix\Longest Common Prefix.vcxproj", "{2F91257A-8F2F-4159-9BFD-484EC2E11913}"
EndProject
Project("{8BC9CEB8-8B4A-11D0-8D11-00A0C91BC942}") = "Bulls and Cows", "Bulls and Cows\Bulls and Cows.vcxproj", "{E8DA4047-1C2E-4AE3-8A00-3EC51E913657}"
EndProject
Project("{8BC9CEB8-8B4A-11D0-8D11-00A0C91BC942}") = "Add Binary", "Add Binary\Add Binary.vcxproj", "{BA5C3B59-046C-4ED3-B5A9-2685C469769F}"
EndProject
Global
	GlobalSection(SolutionConfigurationPlatforms) = preSolution
		Debug|Win32 = Debug|Win32
		Release|Win32 = Release|Win32
	EndGlobalSection
	GlobalSection(ProjectConfigurationPlatforms) = postSolution
		{8E8538BC-AEB9-49EA-951E-FFC062DC2049}.Debug|Win32.ActiveCfg = Debug|Win32
		{8E8538BC-AEB9-49EA-951E-FFC062DC2049}.Debug|Win32.Build.0 = Debug|Win32
		{8E8538BC-AEB9-49EA-951E-FFC062DC2049}.Release|Win32.ActiveCfg = Release|Win32
		{8E8538BC-AEB9-49EA-951E-FFC062DC2049}.Release|Win32.Build.0 = Release|Win32
		{B41890B1-10DE-4DEC-A172-6AC184B5D0E6}.Debug|Win32.ActiveCfg = Debug|Win32
		{B41890B1-10DE-4DEC-A172-6AC184B5D0E6}.Debug|Win32.Build.0 = Debug|Win32
		{B41890B1-10DE-4DEC-A172-6AC184B5D0E6}.Release|Win32.ActiveCfg = Release|Win32
		{B41890B1-10DE-4DEC-A172-6AC184B5D0E6}.Release|Win32.Build.0 = Release|Win32
		{4D10DCB2-E4D5-4591-A51C-DA82FF920C48}.Debug|Win32.ActiveCfg = Debug|Win32
		{4D10DCB2-E4D5-4591-A51C-DA82FF920C48}.Debug|Win32.Build.0 = Debug|Win32
		{4D10DCB2-E4D5-4591-A51C-DA82FF920C48}.Release|Win32.ActiveCfg = Release|Win32
		{4D10DCB2-E4D5-4591-A51C-DA82FF920C48}.Release|Win32.Build.0 = Release|Win32
		{77A4B00A-1D58-4BCA-A077-B405D860D86C}.Debug|Win32.ActiveCfg = Debug|Win32
		{77A4B00A-1D58-4BCA-A077-B405D860D86C}.Debug|Win32.Build.0 = Debug|Win32
		{77A4B00A-1D58-4BCA-A077-B405D860D86C}.Release|Win32.ActiveCfg = Release|Win32
		{77A4B00A-1D58-4BCA-A077-B405D860D86C}.Release|Win32.Build.0 = Release|Win32
		{FCC0779E-62D8-45E6-B483-6B274A4B3B55}.Debug|Win32.ActiveCfg = Debug|Win32
		{FCC0779E-62D8-45E6-B483-6B274A4B3B55}.Debug|Win32.Build.0 = Debug|Win32
		{FCC0779E-62D8-45E6-B483-6B274A4B3B55}.Release|Win32.ActiveCfg = Release|Win32
		{FCC0779E-62D8-45E6-B483-6B274A4B3B55}.Release|Win32.Build.0 = Release|Win32
		{010B8A4F-D69B-4335-9AAF-BF86528291FB}.Debug|Win32.ActiveCfg = Debug|Win32
		{010B8A4F-D69B-4335-9AAF-BF86528291FB}.Debug|Win32.Build.0 = Debug|Win32
		{010B8A4F-D69B-4335-9AAF-BF86528291FB}.Release|Win32.ActiveCfg = Release|Win32
		{010B8A4F-D69B-4335-9AAF-BF86528291FB}.Release|Win32.Build.0 = Release|Win32
		{350452D5-DFAC-4C12-859B-A10C7CAA3CAF}.Debug|Win32.ActiveCfg = Debug|Win32
		{350452D5-DFAC-4C12-859B-A10C7CAA3CAF}.Debug|Win32.Build.0 = Debug|Win32
		{350452D5-DFAC-4C12-859B-A10C7CAA3CAF}.Release|Win32.ActiveCfg = Release|Win32
		{350452D5-DFAC-4C12-859B-A10C7CAA3CAF}.Release|Win32.Build.0 = Release|Win32
		{FF58CB91-47B6-4D94-BC80-8DFB9A8A6E9C}.Debug|Win32.ActiveCfg = Debug|Win32
		{FF58CB91-47B6-4D94-BC80-8DFB9A8A6E9C}.Debug|Win32.Build.0 = Debug|Win32
		{FF58CB91-47B6-4D94-BC80-8DFB9A8A6E9C}.Release|Win32.ActiveCfg = Release|Win32
		{FF58CB91-47B6-4D94-BC80-8DFB9A8A6E9C}.Release|Win32.Build.0 = Release|Win32
		{F54DEBD0-9071-41E1-A29B-E40B22B33D51}.Debug|Win32.ActiveCfg = Debug|Win32
		{F54DEBD0-9071-41E1-A29B-E40B22B33D51}.Debug|Win32.Build.0 = Debug|Win32
		{F54DEBD0-9071-41E1-A29B-E40B22B33D51}.Release|Win32.ActiveCfg = Release|Win32
		{F54DEBD0-9071-41E1-A29B-E40B22B33D51}.Release|Win32.Build.0 = Release|Win32
		{6520DB6D-400F-4FF5-8675-2F71651A5390}.Debug|Win32.ActiveCfg = Debug|Win32
		{6520DB6D-400F-4FF5-8675-2F71651A5390}.Debug|Win32.Build.0 = Debug|Win32
		{6520DB6D-400F-4FF5-8675-2F71651A5390}.Release|Win32.ActiveCfg = Release|Win32
		{6520DB6D-400F-4FF5-8675-2F71651A5390}.Release|Win32.Build.0 = Release|Win32
		{006C6AD9-9F29-413C-9CB9-BAC534917975}.Debug|Win32.ActiveCfg = Debug|Win32
		{006C6AD9-9F29-413C-9CB9-BAC534917975}.Debug|Win32.Build.0 = Debug|Win32
		{006C6AD9-9F29-413C-9CB9-BAC534917975}.Release|Win32.ActiveCfg = Release|Win32
		{006C6AD9-9F29-413C-9CB9-BAC534917975}.Release|Win32.Build.0 = Release|Win32
		{CCE1B70F-150D-4D9C-BFBD-182D7735C2EF}.Debug|Win32.ActiveCfg = Debug|Win32
		{CCE1B70F-150D-4D9C-BFBD-182D7735C2EF}.Debug|Win32.Build.0 = Debug|Win32
		{CCE1B70F-150D-4D9C-BFBD-182D7735C2EF}.Release|Win32.ActiveCfg = Release|Win32
		{CCE1B70F-150D-4D9C-BFBD-182D7735C2EF}.Release|Win32.Build.0 = Release|Win32
		{490D4691-535F-465F-B397-71E104C70FFF}.Debug|Win32.ActiveCfg = Debug|Win32
		{490D4691-535F-465F-B397-71E104C70FFF}.Debug|Win32.Build.0 = Debug|Win32
		{490D4691-535F-465F-B397-71E104C70FFF}.Release|Win32.ActiveCfg = Release|Win32
		{490D4691-535F-465F-B397-71E104C70FFF}.Release|Win32.Build.0 = Release|Win32
		{B2BDAF9D-C849-495C-909E-337F5BC4603E}.Debug|Win32.ActiveCfg = Debug|Win32
		{B2BDAF9D-C849-495C-909E-337F5BC4603E}.Debug|Win32.Build.0 = Debug|Win32
		{B2BDAF9D-C849-495C-909E-337F5BC4603E}.Release|Win32.ActiveCfg = Release|Win32
		{B2BDAF9D-C849-495C-909E-337F5BC4603E}.Release|Win32.Build.0 = Release|Win32
		{39F8EE2C-A7E2-47E7-A81C-4090E1A7A07A}.Debug|Win32.ActiveCfg = Debug|Win32
		{39F8EE2C-A7E2-47E7-A81C-4090E1A7A07A}.Debug|Win32.Build.0 = Debug|Win32
		{39F8EE2C-A7E2-47E7-A81C-4090E1A7A07A}.Release|Win32.ActiveCfg = Release|Win32
		{39F8EE2C-A7E2-47E7-A81C-4090E1A7A07A}.Release|Win32.Build.0 = Release|Win32
		{E66A2755-92D3-4B13-88CE-CF3BE7B16DF3}.Debug|Win32.ActiveCfg = Debug|Win32
		{E66A2755-92D3-4B13-88CE-CF3BE7B16DF3}.Debug|Win32.Build.0 = Debug|Win32
		{E66A2755-92D3-4B13-88CE-CF3BE7B16DF3}.Release|Win32.ActiveCfg = Release|Win32
		{E66A2755-92D3-4B13-88CE-CF3BE7B16DF3}.Release|Win32.Build.0 = Release|Win32
		{981D1F9D-F7B1-4F86-BB56-B1515D8E703A}.Debug|Win32.ActiveCfg = Debug|Win32
		{981D1F9D-F7B1-4F86-BB56-B1515D8E703A}.Debug|Win32.Build.0 = Debug|Win32
		{981D1F9D-F7B1-4F86-BB56-B1515D8E703A}.Release|Win32.ActiveCfg = Release|Win32
		{981D1F9D-F7B1-4F86-BB56-B1515D8E703A}.Release|Win32.Build.0 = Release|Win32
		{07A49A16-4DC0-4A8C-A804-88B4994AB1C3}.Debug|Win32.ActiveCfg = Debug|Win32
		{07A49A16-4DC0-4A8C-A804-88B4994AB1C3}.Debug|Win32.Build.0 = Debug|Win32
		{07A49A16-4DC0-4A8C-A804-88B4994AB1C3}.Release|Win32.ActiveCfg = Release|Win32
		{07A49A16-4DC0-4A8C-A804-88B4994AB1C3}.Release|Win32.Build.0 = Release|Win32
		{58E65E19-DE2B-44E4-9A11-2C74C3A5F8B4}.Debug|Win32.ActiveCfg = Debug|Win32
		{58E65E19-DE2B-44E4-9A11-2C74C3A5F8B4}.Debug|Win32.Build.0 = Debug|Win32
		{58E65E19-DE2B-44E4-9A11-2C74C3A5F8B4}.Release|Win32.ActiveCfg = Release|Win32
		{58E65E19-DE2B-44E4-9A11-2C74C3A5F8B4}.Release|Win32.Build.0 = Release|Win32
		{67F77D41-CC50-41C9-B2EA-80F81AA9F624}.Debug|Win32.ActiveCfg = Debug|Win32
		{67F77D41-CC50-41C9-B2EA-80F81AA9F624}.Debug|Win32.Build.0 = Debug|Win32
		{67F77D41-CC50-41C9-B2EA-80F81AA9F624}.Release|Win32.ActiveCfg = Release|Win32
		{67F77D41-CC50-41C9-B2EA-80F81AA9F624}.Release|Win32.Build.0 = Release|Win32
		{6D99239E-3E2C-4B46-AA50-49629152C945}.Debug|Win32.ActiveCfg = Debug|Win32
		{6D99239E-3E2C-4B46-AA50-49629152C945}.Debug|Win32.Build.0 = Debug|Win32
		{6D99239E-3E2C-4B46-AA50-49629152C945}.Release|Win32.ActiveCfg = Release|Win32
		{6D99239E-3E2C-4B46-AA50-49629152C945}.Release|Win32.Build.0 = Release|Win32
		{BB28BEBA-660F-43A7-984F-828CF8236513}.Debug|Win32.ActiveCfg = Debug|Win32
		{BB28BEBA-660F-43A7-984F-828CF8236513}.Debug|Win32.Build.0 = Debug|Win32
		{BB28BEBA-660F-43A7-984F-828CF8236513}.Release|Win32.ActiveCfg = Release|Win32
		{BB28BEBA-660F-43A7-984F-828CF8236513}.Release|Win32.Build.0 = Release|Win32
		{C51C3AA5-0A79-451C-8021-AB82F9102A36}.Debug|Win32.ActiveCfg = Debug|Win32
		{C51C3AA5-0A79-451C-8021-AB82F9102A36}.Debug|Win32.Build.0 = Debug|Win32
		{C51C3AA5-0A79-451C-8021-AB82F9102A36}.Release|Win32.ActiveCfg = Release|Win32
		{C51C3AA5-0A79-451C-8021-AB82F9102A36}.Release|Win32.Build.0 = Release|Win32
		{EF7353C6-42E6-4D81-88BF-D31C0633434A}.Debug|Win32.ActiveCfg = Debug|Win32
		{EF7353C6-42E6-4D81-88BF-D31C0633434A}.Debug|Win32.Build.0 = Debug|Win32
		{EF7353C6-42E6-4D81-88BF-D31C0633434A}.Release|Win32.ActiveCfg = Release|Win32
		{EF7353C6-42E6-4D81-88BF-D31C0633434A}.Release|Win32.Build.0 = Release|Win32
		{F29A0692-4B24-4778-A43C-839BDC0DB966}.Debug|Win32.ActiveCfg = Debug|Win32
		{F29A0692-4B24-4778-A43C-839BDC0DB966}.Debug|Win32.Build.0 = Debug|Win32
		{F29A0692-4B24-4778-A43C-839BDC0DB966}.Release|Win32.ActiveCfg = Release|Win32
		{F29A0692-4B24-4778-A43C-839BDC0DB966}.Release|Win32.Build.0 = Release|Win32
		{A0705B9F-8767-429B-9912-3DB15BF309B7}.Debug|Win32.ActiveCfg = Debug|Win32
		{A0705B9F-8767-429B-9912-3DB15BF309B7}.Debug|Win32.Build.0 = Debug|Win32
		{A0705B9F-8767-429B-9912-3DB15BF309B7}.Release|Win32.ActiveCfg = Release|Win32
		{A0705B9F-8767-429B-9912-3DB15BF309B7}.Release|Win32.Build.0 = Release|Win32
		{601B205D-D170-40C9-9B6B-9E725EDF817F}.Debug|Win32.ActiveCfg = Debug|Win32
		{601B205D-D170-40C9-9B6B-9E725EDF817F}.Debug|Win32.Build.0 = Debug|Win32
		{601B205D-D170-40C9-9B6B-9E725EDF817F}.Release|Win32.ActiveCfg = Release|Win32
		{601B205D-D170-40C9-9B6B-9E725EDF817F}.Release|Win32.Build.0 = Release|Win32
		{CBCC8AE5-D021-4124-88CF-5643B0532D49}.Debug|Win32.ActiveCfg = Debug|Win32
		{CBCC8AE5-D021-4124-88CF-5643B0532D49}.Debug|Win32.Build.0 = Debug|Win32
		{CBCC8AE5-D021-4124-88CF-5643B0532D49}.Release|Win32.ActiveCfg = Release|Win32
		{CBCC8AE5-D021-4124-88CF-5643B0532D49}.Release|Win32.Build.0 = Release|Win32
		{C37A2A55-9549-443C-AE7B-63726FC699D5}.Debug|Win32.ActiveCfg = Debug|Win32
		{C37A2A55-9549-443C-AE7B-63726FC699D5}.Debug|Win32.Build.0 = Debug|Win32
		{C37A2A55-9549-443C-AE7B-63726FC699D5}.Release|Win32.ActiveCfg = Release|Win32
		{C37A2A55-9549-443C-AE7B-63726FC699D5}.Release|Win32.Build.0 = Release|Win32
		{3293E7EB-D9B9-4815-90A2-2F54578CF2E4}.Debug|Win32.ActiveCfg = Debug|Win32
		{3293E7EB-D9B9-4815-90A2-2F54578CF2E4}.Debug|Win32.Build.0 = Debug|Win32
		{3293E7EB-D9B9-4815-90A2-2F54578CF2E4}.Release|Win32.ActiveCfg = Release|Win32
		{3293E7EB-D9B9-4815-90A2-2F54578CF2E4}.Release|Win32.Build.0 = Release|Win32
		{42725607-BDE1-4714-93DF-2365EB229767}.Debug|Win32.ActiveCfg = Debug|Win32
		{42725607-BDE1-4714-93DF-2365EB229767}.Debug|Win32.Build.0 = Debug|Win32
		{42725607-BDE1-4714-93DF-2365EB229767}.Release|Win32.ActiveCfg = Release|Win32
		{42725607-BDE1-4714-93DF-2365EB229767}.Release|Win32.Build.0 = Release|Win32
		{EE5CEE9B-CFB3-4DFE-8DE4-60CAF5324CFF}.Debug|Win32.ActiveCfg = Debug|Win32
		{EE5CEE9B-CFB3-4DFE-8DE4-60CAF5324CFF}.Debug|Win32.Build.0 = Debug|Win32
		{EE5CEE9B-CFB3-4DFE-8DE4-60CAF5324CFF}.Release|Win32.ActiveCfg = Release|Win32
		{EE5CEE9B-CFB3-4DFE-8DE4-60CAF5324CFF}.Release|Win32.Build.0 = Release|Win32
		{473AF612-81E0-41FD-A254-73105724DD0B}.Debug|Win32.ActiveCfg = Debug|Win32
		{473AF612-81E0-41FD-A254-73105724DD0B}.Debug|Win32.Build.0 = Debug|Win32
		{473AF612-81E0-41FD-A254-73105724DD0B}.Release|Win32.ActiveCfg = Release|Win32
		{473AF612-81E0-41FD-A254-73105724DD0B}.Release|Win32.Build.0 = Release|Win32
		{692079D6-F3DB-45B3-9A5B-3CE1075DF809}.Debug|Win32.ActiveCfg = Debug|Win32
		{692079D6-F3DB-45B3-9A5B-3CE1075DF809}.Debug|Win32.Build.0 = Debug|Win32
		{692079D6-F3DB-45B3-9A5B-3CE1075DF809}.Release|Win32.ActiveCfg = Release|Win32
		{692079D6-F3DB-45B3-9A5B-3CE1075DF809}.Release|Win32.Build.0 = Release|Win32
		{B8EFFB57-557A-4994-8C19-B056FAFB8797}.Debug|Win32.ActiveCfg = Debug|Win32
		{B8EFFB57-557A-4994-8C19-B056FAFB8797}.Debug|Win32.Build.0 = Debug|Win32
		{B8EFFB57-557A-4994-8C19-B056FAFB8797}.Release|Win32.ActiveCfg = Release|Win32
		{B8EFFB57-557A-4994-8C19-B056FAFB8797}.Release|Win32.Build.0 = Release|Win32
		{62E5B040-B354-496B-BF03-055CE461B582}.Debug|Win32.ActiveCfg = Debug|Win32
		{62E5B040-B354-496B-BF03-055CE461B582}.Debug|Win32.Build.0 = Debug|Win32
		{62E5B040-B354-496B-BF03-055CE461B582}.Release|Win32.ActiveCfg = Release|Win32
		{62E5B040-B354-496B-BF03-055CE461B582}.Release|Win32.Build.0 = Release|Win32
		{3170574B-2CAD-4266-96F9-EA01AFFB3B17}.Debug|Win32.ActiveCfg = Debug|Win32
		{3170574B-2CAD-4266-96F9-EA01AFFB3B17}.Debug|Win32.Build.0 = Debug|Win32
		{3170574B-2CAD-4266-96F9-EA01AFFB3B17}.Release|Win32.ActiveCfg = Release|Win32
		{3170574B-2CAD-4266-96F9-EA01AFFB3B17}.Release|Win32.Build.0 = Release|Win32
		{2E4F9DD6-8A26-4A0F-84A2-FA5B97168D79}.Debug|Win32.ActiveCfg = Debug|Win32
		{2E4F9DD6-8A26-4A0F-84A2-FA5B97168D79}.Debug|Win32.Build.0 = Debug|Win32
		{2E4F9DD6-8A26-4A0F-84A2-FA5B97168D79}.Release|Win32.ActiveCfg = Release|Win32
		{2E4F9DD6-8A26-4A0F-84A2-FA5B97168D79}.Release|Win32.Build.0 = Release|Win32
		{BB17F00A-3BCF-42F0-A883-355204285484}.Debug|Win32.ActiveCfg = Debug|Win32
		{BB17F00A-3BCF-42F0-A883-355204285484}.Debug|Win32.Build.0 = Debug|Win32
		{BB17F00A-3BCF-42F0-A883-355204285484}.Release|Win32.ActiveCfg = Release|Win32
		{BB17F00A-3BCF-42F0-A883-355204285484}.Release|Win32.Build.0 = Release|Win32
		{AE89C8ED-DD18-4860-843F-757299F095EA}.Debug|Win32.ActiveCfg = Debug|Win32
		{AE89C8ED-DD18-4860-843F-757299F095EA}.Debug|Win32.Build.0 = Debug|Win32
		{AE89C8ED-DD18-4860-843F-757299F095EA}.Release|Win32.ActiveCfg = Release|Win32
		{AE89C8ED-DD18-4860-843F-757299F095EA}.Release|Win32.Build.0 = Release|Win32
		{07835ED8-F8D5-4D54-8AD2-317DAF7B7DDE}.Debug|Win32.ActiveCfg = Debug|Win32
		{07835ED8-F8D5-4D54-8AD2-317DAF7B7DDE}.Debug|Win32.Build.0 = Debug|Win32
		{07835ED8-F8D5-4D54-8AD2-317DAF7B7DDE}.Release|Win32.ActiveCfg = Release|Win32
		{07835ED8-F8D5-4D54-8AD2-317DAF7B7DDE}.Release|Win32.Build.0 = Release|Win32
		{3A997EA3-B35A-460F-8D8E-25EA27414505}.Debug|Win32.ActiveCfg = Debug|Win32
		{3A997EA3-B35A-460F-8D8E-25EA27414505}.Debug|Win32.Build.0 = Debug|Win32
		{3A997EA3-B35A-460F-8D8E-25EA27414505}.Release|Win32.ActiveCfg = Release|Win32
		{3A997EA3-B35A-460F-8D8E-25EA27414505}.Release|Win32.Build.0 = Release|Win32
		{C8AE9CB9-6E28-41EB-9C1D-85E507B35CC9}.Debug|Win32.ActiveCfg = Debug|Win32
		{C8AE9CB9-6E28-41EB-9C1D-85E507B35CC9}.Debug|Win32.Build.0 = Debug|Win32
		{C8AE9CB9-6E28-41EB-9C1D-85E507B35CC9}.Release|Win32.ActiveCfg = Release|Win32
		{C8AE9CB9-6E28-41EB-9C1D-85E507B35CC9}.Release|Win32.Build.0 = Release|Win32
		{B89FD2C8-97BA-4C2F-9859-A1D66AD8CDD1}.Debug|Win32.ActiveCfg = Debug|Win32
		{B89FD2C8-97BA-4C2F-9859-A1D66AD8CDD1}.Debug|Win32.Build.0 = Debug|Win32
		{B89FD2C8-97BA-4C2F-9859-A1D66AD8CDD1}.Release|Win32.ActiveCfg = Release|Win32
		{B89FD2C8-97BA-4C2F-9859-A1D66AD8CDD1}.Release|Win32.Build.0 = Release|Win32
		{4532DCDD-5608-4EA8-8808-3883EDCA5CE2}.Debug|Win32.ActiveCfg = Debug|Win32
		{4532DCDD-5608-4EA8-8808-3883EDCA5CE2}.Debug|Win32.Build.0 = Debug|Win32
		{4532DCDD-5608-4EA8-8808-3883EDCA5CE2}.Release|Win32.ActiveCfg = Release|Win32
		{4532DCDD-5608-4EA8-8808-3883EDCA5CE2}.Release|Win32.Build.0 = Release|Win32
		{F75218FA-A502-4ECD-8BF1-22F6B2F20D3A}.Debug|Win32.ActiveCfg = Debug|Win32
		{F75218FA-A502-4ECD-8BF1-22F6B2F20D3A}.Debug|Win32.Build.0 = Debug|Win32
		{F75218FA-A502-4ECD-8BF1-22F6B2F20D3A}.Release|Win32.ActiveCfg = Release|Win32
		{F75218FA-A502-4ECD-8BF1-22F6B2F20D3A}.Release|Win32.Build.0 = Release|Win32
		{A7CFB1B0-6010-4869-BFD2-3871C5118D02}.Debug|Win32.ActiveCfg = Debug|Win32
		{A7CFB1B0-6010-4869-BFD2-3871C5118D02}.Debug|Win32.Build.0 = Debug|Win32
		{A7CFB1B0-6010-4869-BFD2-3871C5118D02}.Release|Win32.ActiveCfg = Release|Win32
		{A7CFB1B0-6010-4869-BFD2-3871C5118D02}.Release|Win32.Build.0 = Release|Win32
		{20BF5C24-64AD-4630-B89C-70B873B07D10}.Debug|Win32.ActiveCfg = Debug|Win32
		{20BF5C24-64AD-4630-B89C-70B873B07D10}.Debug|Win32.Build.0 = Debug|Win32
		{20BF5C24-64AD-4630-B89C-70B873B07D10}.Release|Win32.ActiveCfg = Release|Win32
		{20BF5C24-64AD-4630-B89C-70B873B07D10}.Release|Win32.Build.0 = Release|Win32
		{B0851867-D8E1-48B4-B7AB-54F8ADCB3BC4}.Debug|Win32.ActiveCfg = Debug|Win32
		{B0851867-D8E1-48B4-B7AB-54F8ADCB3BC4}.Debug|Win32.Build.0 = Debug|Win32
		{B0851867-D8E1-48B4-B7AB-54F8ADCB3BC4}.Release|Win32.ActiveCfg = Release|Win32
		{B0851867-D8E1-48B4-B7AB-54F8ADCB3BC4}.Release|Win32.Build.0 = Release|Win32
		{AC4A1BF6-18E4-4574-A3BD-A96DAEC32146}.Debug|Win32.ActiveCfg = Debug|Win32
		{AC4A1BF6-18E4-4574-A3BD-A96DAEC32146}.Debug|Win32.Build.0 = Debug|Win32
		{AC4A1BF6-18E4-4574-A3BD-A96DAEC32146}.Release|Win32.ActiveCfg = Release|Win32
		{AC4A1BF6-18E4-4574-A3BD-A96DAEC32146}.Release|Win32.Build.0 = Release|Win32
		{2F91257A-8F2F-4159-9BFD-484EC2E11913}.Debug|Win32.ActiveCfg = Debug|Win32
		{2F91257A-8F2F-4159-9BFD-484EC2E11913}.Debug|Win32.Build.0 = Debug|Win32
		{2F91257A-8F2F-4159-9BFD-484EC2E11913}.Release|Win32.ActiveCfg = Release|Win32
		{2F91257A-8F2F-4159-9BFD-484EC2E11913}.Release|Win32.Build.0 = Release|Win32
		{E8DA4047-1C2E-4AE3-8A00-3EC51E913657}.Debug|Win32.ActiveCfg = Debug|Win32
		{E8DA4047-1C2E-4AE3-8A00-3EC51E913657}.Debug|Win32.Build.0 = Debug|Win32
		{E8DA4047-1C2E-4AE3-8A00-3EC51E913657}.Release|Win32.ActiveCfg = Release|Win32
		{E8DA4047-1C2E-4AE3-8A00-3EC51E913657}.Release|Win32.Build.0 = Release|Win32
		{BA5C3B59-046C-4ED3-B5A9-2685C469769F}.Debug|Win32.ActiveCfg = Debug|Win32
		{BA5C3B59-046C-4ED3-B5A9-2685C469769F}.Debug|Win32.Build.0 = Debug|Win32
		{BA5C3B59-046C-4ED3-B5A9-2685C469769F}.Release|Win32.ActiveCfg = Release|Win32
		{BA5C3B59-046C-4ED3-B5A9-2685C469769F}.Release|Win32.Build.0 = Release|Win32
	EndGlobalSection
	GlobalSection(SolutionProperties) = preSolution
		HideSolutionNode = FALSE
	EndGlobalSection
EndGlobal
