
Microsoft Visual Studio Solution File, Format Version 12.00
# Visual Studio 14
VisualStudioVersion = 14.0.25420.1
MinimumVisualStudioVersion = 10.0.40219.1
Project("{8BC9CEB8-8B4A-11D0-8D11-00A0C91BC942}") = "Distinct SubSequences", "Distinct SubSequences\Distinct SubSequences.vcxproj", "{8E8538BC-AEB9-49EA-951E-FFC062DC2049}"
EndProject
Project("{8BC9CEB8-8B4A-11D0-8D11-00A0C91BC942}") = "Reoder List", "Reoder List\Reoder List.vcxproj", "{B41890B1-10DE-4DEC-A172-6AC184B5D0E6}"
EndProject
Project("{8BC9CEB8-8B4A-11D0-8D11-00A0C91BC942}") = "Nim", "Nim\Nim.vcxproj", "{4D10DCB2-E4D5-4591-A51C-DA82FF920C48}"
EndProject
Project("{8BC9CEB8-8B4A-11D0-8D11-00A0C91BC942}") = "Add Digits", "Add Digits\Add Digits.vcxproj", "{77A4B00A-1D58-4BCA-A077-B405D860D86C}"
EndProject
Project("{8BC9CEB8-8B4A-11D0-8D11-00A0C91BC942}") = "Maximum Depth of Binary Tree", "Maximum Depth of Binary Tree\Maximum Depth of Binary Tree.vcxproj", "{FCC0779E-62D8-45E6-B483-6B274A4B3B55}"
EndProject
Project("{8BC9CEB8-8B4A-11D0-8D11-00A0C91BC942}") = "Delete Node in a Linked List", "Delete Node in a Linked List\Delete Node in a Linked List.vcxproj", "{010B8A4F-D69B-4335-9AAF-BF86528291FB}"
EndProject
Project("{8BC9CEB8-8B4A-11D0-8D11-00A0C91BC942}") = "Same Tree", "Same Tree\Same Tree.vcxproj", "{350452D5-DFAC-4C12-859B-A10C7CAA3CAF}"
EndProject
Project("{8BC9CEB8-8B4A-11D0-8D11-00A0C91BC942}") = "Move Zeroes", "Move Zeroes\Move Zeroes.vcxproj", "{FF58CB91-47B6-4D94-BC80-8DFB9A8A6E9C}"
EndProject
Project("{8BC9CEB8-8B4A-11D0-8D11-00A0C91BC942}") = "Invert Binary Tree", "Invert Binary Tree\Invert Binary Tree.vcxproj", "{F54DEBD0-9071-41E1-A29B-E40B22B33D51}"
EndProject
Project("{8BC9CEB8-8B4A-11D0-8D11-00A0C91BC942}") = "Contains Duplicate", "Contains Duplicate\Contains Duplicate.vcxproj", "{6520DB6D-400F-4FF5-8675-2F71651A5390}"
EndProject
Project("{8BC9CEB8-8B4A-11D0-8D11-00A0C91BC942}") = "Valid Anagram", "Valid Anagram\Valid Anagram.vcxproj", "{006C6AD9-9F29-413C-9CB9-BAC534917975}"
EndProject
Project("{8BC9CEB8-8B4A-11D0-8D11-00A0C91BC942}") = "Excel Sheet Column Number", "Excel Sheet Column Number\Excel Sheet Column Number.vcxproj", "{CCE1B70F-150D-4D9C-BFBD-182D7735C2EF}"
EndProject
Project("{8BC9CEB8-8B4A-11D0-8D11-00A0C91BC942}") = "Lowest Common Ancestor of a Binary Search Tree", "Lowest Common Ancestor of a Binary Search Tree\Lowest Common Ancestor of a Binary Search Tree.vcxproj", "{490D4691-535F-465F-B397-71E104C70FFF}"
EndProject
Project("{8BC9CEB8-8B4A-11D0-8D11-00A0C91BC942}") = "Majority Element", "Majority Element\Majority Element.vcxproj", "{B2BDAF9D-C849-495C-909E-337F5BC4603E}"
EndProject
Project("{8BC9CEB8-8B4A-11D0-8D11-00A0C91BC942}") = "Number of 1 Bits", "Number of 1 Bits\Number of 1 Bits.vcxproj", "{39F8EE2C-A7E2-47E7-A81C-4090E1A7A07A}"
EndProject
Project("{8BC9CEB8-8B4A-11D0-8D11-00A0C91BC942}") = "Reverse Linked List", "Reverse Linked List\Reverse Linked List.vcxproj", "{E66A2755-92D3-4B13-88CE-CF3BE7B16DF3}"
EndProject
Project("{8BC9CEB8-8B4A-11D0-8D11-00A0C91BC942}") = "Remove Duplicates from Sorted List", "Remove Duplicates from Sorted List\Remove Duplicates from Sorted List.vcxproj", "{981D1F9D-F7B1-4F86-BB56-B1515D8E703A}"
EndProject
Project("{8BC9CEB8-8B4A-11D0-8D11-00A0C91BC942}") = "Climbing Stairs", "Climbing Stairs\Climbing Stairs.vcxproj", "{07A49A16-4DC0-4A8C-A804-88B4994AB1C3}"
EndProject
Project("{8BC9CEB8-8B4A-11D0-8D11-00A0C91BC942}") = "Ugly Number", "Ugly Number\Ugly Number.vcxproj", "{58E65E19-DE2B-44E4-9A11-2C74C3A5F8B4}"
EndProject
Project("{8BC9CEB8-8B4A-11D0-8D11-00A0C91BC942}") = "Happy Number", "Happy Number\Happy Number.vcxproj", "{67F77D41-CC50-41C9-B2EA-80F81AA9F624}"
EndProject
Project("{8BC9CEB8-8B4A-11D0-8D11-00A0C91BC942}") = "Implement Queue using Stacks", "Implement Queue using Stacks\Implement Queue using Stacks.vcxproj", "{6D99239E-3E2C-4B46-AA50-49629152C945}"
EndProject
Project("{8BC9CEB8-8B4A-11D0-8D11-00A0C91BC942}") = "Merge Two Sorted Lists", "Merge Two Sorted Lists\Merge Two Sorted Lists.vcxproj", "{BB28BEBA-660F-43A7-984F-828CF8236513}"
EndProject
Project("{8BC9CEB8-8B4A-11D0-8D11-00A0C91BC942}") = "Power of Tow", "Power of Tow\Power of Tow.vcxproj", "{C51C3AA5-0A79-451C-8021-AB82F9102A36}"
EndProject
Project("{8BC9CEB8-8B4A-11D0-8D11-00A0C91BC942}") = "Balanced Binary Tree", "Balanced Binary Tree\Balanced Binary Tree.vcxproj", "{EF7353C6-42E6-4D81-88BF-D31C0633434A}"
EndProject
Project("{8BC9CEB8-8B4A-11D0-8D11-00A0C91BC942}") = "Symmetric Tree", "Symmetric Tree\Symmetric Tree.vcxproj", "{F29A0692-4B24-4778-A43C-839BDC0DB966}"
EndProject
Project("{8BC9CEB8-8B4A-11D0-8D11-00A0C91BC942}") = "Remove Element", "Remove Element\Remove Element.vcxproj", "{A0705B9F-8767-429B-9912-3DB15BF309B7}"
EndProject
Project("{8BC9CEB8-8B4A-11D0-8D11-00A0C91BC942}") = "Remove Duplicates from Sorted Array", "Remove Duplicates from Sorted Array\Remove Duplicates from Sorted Array.vcxproj", "{601B205D-D170-40C9-9B6B-9E725EDF817F}"
EndProject
Project("{8BC9CEB8-8B4A-11D0-8D11-00A0C91BC942}") = "Binary Tree Level Order Traversal II", "Binary Tree Level Order Traversal II\Binary Tree Level Order Traversal II.vcxproj", "{CBCC8AE5-D021-4124-88CF-5643B0532D49}"
EndProject
Project("{8BC9CEB8-8B4A-11D0-8D11-00A0C91BC942}") = "Binary Tree Level Order Traversal", "Binary Tree Level Order Traversal\Binary Tree Level Order Traversal.vcxproj", "{C37A2A55-9549-443C-AE7B-63726FC699D5}"
EndProject
Project("{8BC9CEB8-8B4A-11D0-8D11-00A0C91BC942}") = "House Robber", "House Robber\House Robber.vcxproj", "{3293E7EB-D9B9-4815-90A2-2F54578CF2E4}"
EndProject
Project("{8BC9CEB8-8B4A-11D0-8D11-00A0C91BC942}") = "Plus One", "Plus One\Plus One.vcxproj", "{42725607-BDE1-4714-93DF-2365EB229767}"
EndProject
Project("{8BC9CEB8-8B4A-11D0-8D11-00A0C91BC942}") = "Pascal's Triangle", "Pascal's Triangle\Pascal's Triangle.vcxproj", "{EE5CEE9B-CFB3-4DFE-8DE4-60CAF5324CFF}"
EndProject
Project("{8BC9CEB8-8B4A-11D0-8D11-00A0C91BC942}") = "Factorial Trailing Zeroes", "Factorial Trailing Zeroes\Factorial Trailing Zeroes.vcxproj", "{473AF612-81E0-41FD-A254-73105724DD0B}"
EndProject
Project("{8BC9CEB8-8B4A-11D0-8D11-00A0C91BC942}") = "Pascal's Triangle II", "Pascal's Triangle II\Pascal's Triangle II.vcxproj", "{692079D6-F3DB-45B3-9A5B-3CE1075DF809}"
EndProject
Project("{8BC9CEB8-8B4A-11D0-8D11-00A0C91BC942}") = "Path Sum", "Path Sum\Path Sum.vcxproj", "{B8EFFB57-557A-4994-8C19-B056FAFB8797}"
EndProject
Project("{8BC9CEB8-8B4A-11D0-8D11-00A0C91BC942}") = "Implement Stack using Queues", "Implement Stack using Queues\Implement Stack using Queues.vcxproj", "{62E5B040-B354-496B-BF03-055CE461B582}"
EndProject
Project("{8BC9CEB8-8B4A-11D0-8D11-00A0C91BC942}") = "Palindrome Number", "Palindrome Number\Palindrome Number.vcxproj", "{3170574B-2CAD-4266-96F9-EA01AFFB3B17}"
EndProject
Project("{8BC9CEB8-8B4A-11D0-8D11-00A0C91BC942}") = "Minimum Depth of Binary Tree", "Minimum Depth of Binary Tree\Minimum Depth of Binary Tree.vcxproj", "{2E4F9DD6-8A26-4A0F-84A2-FA5B97168D79}"
EndProject
Project("{8BC9CEB8-8B4A-11D0-8D11-00A0C91BC942}") = "Merge Sorted Array", "Merge Sorted Array\Merge Sorted Array.vcxproj", "{BB17F00A-3BCF-42F0-A883-355204285484}"
EndProject
Project("{8BC9CEB8-8B4A-11D0-8D11-00A0C91BC942}") = "Reverse Bits", "Reverse Bits\Reverse Bits.vcxproj", "{AE89C8ED-DD18-4860-843F-757299F095EA}"
EndProject
Project("{8BC9CEB8-8B4A-11D0-8D11-00A0C91BC942}") = "Valid Sudoku", "Valid Sudoku\Valid Sudoku.vcxproj", "{07835ED8-F8D5-4D54-8AD2-317DAF7B7DDE}"
EndProject
Project("{8BC9CEB8-8B4A-11D0-8D11-00A0C91BC942}") = "Length of Last Word", "Length of Last Word\Length of Last Word.vcxproj", "{3A997EA3-B35A-460F-8D8E-25EA27414505}"
EndProject
Project("{8BC9CEB8-8B4A-11D0-8D11-00A0C91BC942}") = "Rectangle Area", "Rectangle Area\Rectangle Area.vcxproj", "{C8AE9CB9-6E28-41EB-9C1D-85E507B35CC9}"
EndProject
Project("{8BC9CEB8-8B4A-11D0-8D11-00A0C91BC942}") = "Contains Duplicate II", "Contains Duplicate II\Contains Duplicate II.vcxproj", "{B89FD2C8-97BA-4C2F-9859-A1D66AD8CDD1}"
EndProject
Project("{8BC9CEB8-8B4A-11D0-8D11-00A0C91BC942}") = "Remove Nth Node From End of List", "Remove Nth Node From End of List\Remove Nth Node From End of List.vcxproj", "{4532DCDD-5608-4EA8-8808-3883EDCA5CE2}"
EndProject
Project("{8BC9CEB8-8B4A-11D0-8D11-00A0C91BC942}") = "Valid Parentheses", "Valid Parentheses\Valid Parentheses.vcxproj", "{F75218FA-A502-4ECD-8BF1-22F6B2F20D3A}"
EndProject
Project("{8BC9CEB8-8B4A-11D0-8D11-00A0C91BC942}") = "Isomorphic Strings", "Isomorphic Strings\Isomorphic Strings.vcxproj", "{A7CFB1B0-6010-4869-BFD2-3871C5118D02}"
EndProject
Project("{8BC9CEB8-8B4A-11D0-8D11-00A0C91BC942}") = "Word Pattern", "Word Pattern\Word Pattern.vcxproj", "{20BF5C24-64AD-4630-B89C-70B873B07D10}"
EndProject
Project("{8BC9CEB8-8B4A-11D0-8D11-00A0C91BC942}") = "Remove Linked List Elements", "Remove Linked List Elements\Remove Linked List Elements.vcxproj", "{B0851867-D8E1-48B4-B7AB-54F8ADCB3BC4}"
EndProject
Project("{8BC9CEB8-8B4A-11D0-8D11-00A0C91BC942}") = "Count and Say", "Count and Say\Count and Say.vcxproj", "{AC4A1BF6-18E4-4574-A3BD-A96DAEC32146}"
EndProject
Project("{8BC9CEB8-8B4A-11D0-8D11-00A0C91BC942}") = "Longest Common Prefix", "Longest Common Prefix\Longest Common Prefix.vcxproj", "{2F91257A-8F2F-4159-9BFD-484EC2E11913}"
EndProject
Project("{8BC9CEB8-8B4A-11D0-8D11-00A0C91BC942}") = "Bulls and Cows", "Bulls and Cows\Bulls and Cows.vcxproj", "{E8DA4047-1C2E-4AE3-8A00-3EC51E913657}"
EndProject
Project("{8BC9CEB8-8B4A-11D0-8D11-00A0C91BC942}") = "Add Binary", "Add Binary\Add Binary.vcxproj", "{BA5C3B59-046C-4ED3-B5A9-2685C469769F}"
EndProject
Project("{8BC9CEB8-8B4A-11D0-8D11-00A0C91BC942}") = "Palindrome Linked List", "Palindrome Linked List\Palindrome Linked List.vcxproj", "{D75BED53-CCF9-409F-BDF4-AD94D59B53CE}"
EndProject
Project("{8BC9CEB8-8B4A-11D0-8D11-00A0C91BC942}") = "Binary Tree Paths", "Binary Tree Paths\Binary Tree Paths.vcxproj", "{F6F0701D-6E53-434F-8133-63D4B4265AA7}"
EndProject
Project("{8BC9CEB8-8B4A-11D0-8D11-00A0C91BC942}") = "Range Sum Query", "Range Sum Query\Range Sum Query.vcxproj", "{76E71949-ABD1-4232-ACD2-17A6FA1FD4CD}"
EndProject
Project("{8BC9CEB8-8B4A-11D0-8D11-00A0C91BC942}") = "Implement strStr()", "Implement strStr()\Implement strStr().vcxproj", "{DD5FD4DE-C601-4E23-AF4A-178E13F9B1F4}"
EndProject
Project("{8BC9CEB8-8B4A-11D0-8D11-00A0C91BC942}") = "Reverse Integer", "Reverse Integer\Reverse Integer.vcxproj", "{17A1CBA6-4471-47D1-A5E9-3B35A9A0EE66}"
EndProject
Project("{8BC9CEB8-8B4A-11D0-8D11-00A0C91BC942}") = "Valid Palindrome", "Valid Palindrome\Valid Palindrome.vcxproj", "{A7DCBA21-AD58-487D-9D11-94FD184D882A}"
EndProject
Project("{8BC9CEB8-8B4A-11D0-8D11-00A0C91BC942}") = "ZigZag Conversion", "ZigZag Conversion\ZigZag Conversion.vcxproj", "{1D5C08A1-E03B-4C44-8BD9-50C8D8EFDF2E}"
EndProject
Project("{8BC9CEB8-8B4A-11D0-8D11-00A0C91BC942}") = "Count Primes", "Count Primes\Count Primes.vcxproj", "{0B27F778-D8E0-4308-BE4C-2753E4AFCAB9}"
EndProject
Project("{8BC9CEB8-8B4A-11D0-8D11-00A0C91BC942}") = "Single Number", "Single Number\Single Number.vcxproj", "{7AFF339A-DCAB-4D97-9671-7B7D361D9121}"
EndProject
Project("{8BC9CEB8-8B4A-11D0-8D11-00A0C91BC942}") = "Single Number III", "Single Number III\Single Number III.vcxproj", "{81BA6338-455B-4F32-BECB-49251F286C94}"
EndProject
Project("{8BC9CEB8-8B4A-11D0-8D11-00A0C91BC942}") = "Best Time to Buy and Sell Stock II", "Best Time to Buy and Sell Stock II\Best Time to Buy and Sell Stock II.vcxproj", "{B3F2654F-5167-47CC-85BF-AC0DA13E9F09}"
EndProject
Project("{8BC9CEB8-8B4A-11D0-8D11-00A0C91BC942}") = "Best Time to Buy and Sell Stock", "Best Time to Buy and Sell Stock\Best Time to Buy and Sell Stock.vcxproj", "{501C02C9-24E4-4E4D-BEAA-79DB305EC256}"
EndProject
Project("{8BC9CEB8-8B4A-11D0-8D11-00A0C91BC942}") = "Product of Array Except Self", "Product of Array Except Self\Product of Array Except Self.vcxproj", "{AA6C3C28-C708-4A6E-BED6-9340212B62EC}"
EndProject
Project("{8BC9CEB8-8B4A-11D0-8D11-00A0C91BC942}") = "Binary Tree Preorder Traversal", "Binary Tree Preorder Traversal\Binary Tree Preorder Traversal.vcxproj", "{AE9E7EB9-1809-49D9-B9BC-9BB8CFCBB38B}"
EndProject
Project("{8BC9CEB8-8B4A-11D0-8D11-00A0C91BC942}") = "Binary Tree Inorder Traversal", "Binary Tree Inorder Traversal\Binary Tree Inorder Traversal.vcxproj", "{CF3B44E1-80EB-4EB5-849D-EE46DA2603B0}"
EndProject
Project("{8BC9CEB8-8B4A-11D0-8D11-00A0C91BC942}") = "Missing Number", "Missing Number\Missing Number.vcxproj", "{E6D9EBC0-7FC4-43CD-9AF2-F986C226FCBC}"
EndProject
Project("{8BC9CEB8-8B4A-11D0-8D11-00A0C91BC942}") = "Bulb Switcher", "Bulb Switcher\Bulb Switcher.vcxproj", "{2C0C1B75-4B8A-4F2E-9198-295EE9049F1F}"
EndProject
Project("{8BC9CEB8-8B4A-11D0-8D11-00A0C91BC942}") = "Power of Three", "Power of Three\Power of Three.vcxproj", "{8D9A1DD7-92C0-4572-90ED-7FE1B9B3E622}"
EndProject
Project("{8BC9CEB8-8B4A-11D0-8D11-00A0C91BC942}") = "Maximum Product of Word Lengths", "Maximum Product of Word Lengths\Maximum Product of Word Lengths.vcxproj", "{83482FA2-A3A6-48ED-B605-8C44924AEF6D}"
EndProject
Project("{8BC9CEB8-8B4A-11D0-8D11-00A0C91BC942}") = "Counting Bits", "Counting Bits\Counting Bits.vcxproj", "{C3086E54-258D-4799-B897-B69C40189BB6}"
EndProject
Project("{8BC9CEB8-8B4A-11D0-8D11-00A0C91BC942}") = "Odd Even Linked List", "Odd Even Linked List\Odd Even Linked List.vcxproj", "{9FEF5C57-9FB0-4D43-B4DC-DC27338B92FF}"
EndProject
Project("{8BC9CEB8-8B4A-11D0-8D11-00A0C91BC942}") = "Two Sum", "Two Sum\Two Sum.vcxproj", "{1A411C31-AB36-488E-9BAC-96D05494C5F6}"
EndProject
Project("{8BC9CEB8-8B4A-11D0-8D11-00A0C91BC942}") = "First Bad Version", "First Bad Version\First Bad Version.vcxproj", "{982F88E1-04F2-414D-9DEB-A838E982E54A}"
EndProject
Project("{8BC9CEB8-8B4A-11D0-8D11-00A0C91BC942}") = "Min Stack", "Min Stack\Min Stack.vcxproj", "{EC3FE376-6A80-4F5D-AD71-240CD6D46359}"
EndProject
Project("{8BC9CEB8-8B4A-11D0-8D11-00A0C91BC942}") = "Single Number II", "Single Number II\Single Number II.vcxproj", "{A7A0E700-0B0E-45E5-8046-624EE5A99076}"
EndProject
Project("{8BC9CEB8-8B4A-11D0-8D11-00A0C91BC942}") = "Excel Sheet Column Title", "Excel Sheet Column Title\Excel Sheet Column Title.vcxproj", "{9F1DE6E2-183D-467E-8DC5-9554934CB3AB}"
EndProject
Project("{8BC9CEB8-8B4A-11D0-8D11-00A0C91BC942}") = "Search Insert Position", "Search Insert Position\Search Insert Position.vcxproj", "{A98B440B-8A7A-4D3D-8CC8-F1CC3BA229A2}"
EndProject
Project("{8BC9CEB8-8B4A-11D0-8D11-00A0C91BC942}") = "Linked List Cycle", "Linked List Cycle\Linked List Cycle.vcxproj", "{FC6BB249-003B-456C-B951-57BC2D0719BE}"
EndProject
Project("{8BC9CEB8-8B4A-11D0-8D11-00A0C91BC942}") = "Combination Sum III", "Combination Sum III\Combination Sum III.vcxproj", "{DF3983CB-CA03-4655-A004-686EF99D2BAA}"
EndProject
Project("{8BC9CEB8-8B4A-11D0-8D11-00A0C91BC942}") = "Kth Largest Element in an Array", "Kth Largest Element in an Array\Kth Largest Element in an Array.vcxproj", "{3A421D97-6EBF-4D35-9539-27EF20C47F06}"
EndProject
Project("{8BC9CEB8-8B4A-11D0-8D11-00A0C91BC942}") = "Increasing Triplet Subsequence", "Increasing Triplet Subsequence\Increasing Triplet Subsequence.vcxproj", "{AF114ED0-C17B-47D7-AE63-7F0E09C69525}"
EndProject
Project("{8BC9CEB8-8B4A-11D0-8D11-00A0C91BC942}") = "Swap Nodes in Pairs", "Swap Nodes in Pairs\Swap Nodes in Pairs.vcxproj", "{3403100B-9944-455F-8B55-A0329F21FB54}"
EndProject
Project("{8BC9CEB8-8B4A-11D0-8D11-00A0C91BC942}") = "Power of Four", "Power of Four\Power of Four.vcxproj", "{B6760B6C-8E27-42A1-8A7D-6E2082B425C0}"
EndProject
Project("{8BC9CEB8-8B4A-11D0-8D11-00A0C91BC942}") = "Integer Break", "Integer Break\Integer Break.vcxproj", "{8000BCFA-EC6C-4582-B42E-BEA5288CB2E2}"
EndProject
Project("{8BC9CEB8-8B4A-11D0-8D11-00A0C91BC942}") = "House Robber III", "House Robber III\House Robber III.vcxproj", "{BCB48E43-A59F-45AA-9847-DAB799158931}"
EndProject
Project("{8BC9CEB8-8B4A-11D0-8D11-00A0C91BC942}") = "Unique Binary Search Trees", "Unique Binary Search Trees\Unique Binary Search Trees.vcxproj", "{AA82FD91-A175-407C-88E0-567C6D49A6CF}"
EndProject
Project("{8BC9CEB8-8B4A-11D0-8D11-00A0C91BC942}") = "Reverse String", "Reverse String\Reverse String.vcxproj", "{1E0D9563-2C94-41EC-8E77-7E465A0B729E}"
EndProject
Project("{8BC9CEB8-8B4A-11D0-8D11-00A0C91BC942}") = "Reverse Vowels of a String", "Reverse Vowels of a String\Reverse Vowels of a String.vcxproj", "{AE636E95-5AB5-4200-BCDD-50A11719EBCF}"
EndProject
Project("{8BC9CEB8-8B4A-11D0-8D11-00A0C91BC942}") = "Maximum Subarray", "Maximum Subarray\Maximum Subarray.vcxproj", "{7F3FCC11-F4F8-4004-86A9-12F3748DBDAC}"
EndProject
Project("{8BC9CEB8-8B4A-11D0-8D11-00A0C91BC942}") = "Convert Sorted Array to Binary Search Tree", "Convert Sorted Array to Binary Search Tree\Convert Sorted Array to Binary Search Tree.vcxproj", "{4F4596A0-F1F4-4AF4-BBB0-0FF88C7A3958}"
EndProject
Project("{8BC9CEB8-8B4A-11D0-8D11-00A0C91BC942}") = "Generate Parentheses", "Generate Parentheses\Generate Parentheses.vcxproj", "{7CA53FC7-D5CA-46F4-852B-099D0A442535}"
EndProject
Project("{8BC9CEB8-8B4A-11D0-8D11-00A0C91BC942}") = "Unique Paths", "Unique Paths\Unique Paths.vcxproj", "{4495A387-A128-4F1A-9FEA-E4161C1C9C1C}"
EndProject
Project("{8BC9CEB8-8B4A-11D0-8D11-00A0C91BC942}") = "Search a 2D Matrix II", "Search a 2D Matrix II\Search a 2D Matrix II.vcxproj", "{DA3592CE-E630-4CBE-A529-849B10EDE113}"
EndProject
Project("{8BC9CEB8-8B4A-11D0-8D11-00A0C91BC942}") = "Search a 2D Matrix", "Search a 2D Matrix\Search a 2D Matrix.vcxproj", "{B487F87C-7C4F-4C45-AD9C-B993F594F6B8}"
EndProject
Project("{8BC9CEB8-8B4A-11D0-8D11-00A0C91BC942}") = "Intersection of Two Arrays", "Intersection of Two Arrays\Intersection of Two Arrays.vcxproj", "{DDBAD009-2ACF-4B7A-88DA-EF6E4DE0E6C8}"
EndProject
Project("{8BC9CEB8-8B4A-11D0-8D11-00A0C91BC942}") = "Intersection of Two Arrays II", "Intersection of Two Arrays II\Intersection of Two Arrays II.vcxproj", "{D41AE837-6FD8-45B4-927F-E3FB58FC1F85}"
EndProject
Project("{8BC9CEB8-8B4A-11D0-8D11-00A0C91BC942}") = "Remove Duplicates from Sorted Array II", "Remove Duplicates from Sorted Array II\Remove Duplicates from Sorted Array II.vcxproj", "{D232B572-9AEA-46F6-B65B-0F6E7A1AC193}"
EndProject
Project("{8BC9CEB8-8B4A-11D0-8D11-00A0C91BC942}") = "Search in Rotated Sorted Array", "Search in Rotated Sorted Array\Search in Rotated Sorted Array.vcxproj", "{3DAE9D42-8E70-48A0-891B-B66E6A58A8DB}"
EndProject
Project("{8BC9CEB8-8B4A-11D0-8D11-00A0C91BC942}") = "Permutations", "Permutations\Permutations.vcxproj", "{0721EF65-F32D-4A16-8451-E41A47AF4FFB}"
EndProject
Project("{8BC9CEB8-8B4A-11D0-8D11-00A0C91BC942}") = "Combinations", "Combinations\Combinations.vcxproj", "{77D4B70A-0618-4D21-98C1-1E5591C53220}"
EndProject
Project("{8BC9CEB8-8B4A-11D0-8D11-00A0C91BC942}") = "Triangle", "Triangle\Triangle.vcxproj", "{A7CA5349-5601-4F06-9C31-79B9F3FC06B0}"
EndProject
Project("{8BC9CEB8-8B4A-11D0-8D11-00A0C91BC942}") = "Compare Version Numbers", "Compare Version Numbers\Compare Version Numbers.vcxproj", "{4D5E484D-8DD1-4527-B0E7-919C510504D2}"
EndProject
Project("{8BC9CEB8-8B4A-11D0-8D11-00A0C91BC942}") = "Remove Duplicates from Sorted List II", "Remove Duplicates from Sorted List II\Remove Duplicates from Sorted List II.vcxproj", "{EC9EEA0B-A0AC-43F8-90DD-5CE4921CCC41}"
EndProject
Project("{8BC9CEB8-8B4A-11D0-8D11-00A0C91BC942}") = "Minimum Path Sum", "Minimum Path Sum\Minimum Path Sum.vcxproj", "{1591BB11-3BAD-4262-97D9-2603B4CA9CCF}"
EndProject
Project("{8BC9CEB8-8B4A-11D0-8D11-00A0C91BC942}") = "Permutations II", "Permutations II\Permutations II.vcxproj", "{46858FA7-8403-4E55-BF51-89EC4F6A654D}"
EndProject
Project("{8BC9CEB8-8B4A-11D0-8D11-00A0C91BC942}") = "Add Two Numbers", "Add Two Numbers\Add Two Numbers.vcxproj", "{F7EDB31E-22AE-474E-87C5-D62525B5F263}"
EndProject
Project("{8BC9CEB8-8B4A-11D0-8D11-00A0C91BC942}") = "Container With Most Water", "Container With Most Water\Container With Most Water.vcxproj", "{BA16F24A-A816-46F4-895D-D6D5C8B83194}"
EndProject
Project("{8BC9CEB8-8B4A-11D0-8D11-00A0C91BC942}") = "Kth Smallest Element in a BST", "Kth Smallest Element in a BST\Kth Smallest Element in a BST.vcxproj", "{6B439D64-F0C2-4E4B-944B-EA0D7B24EEB7}"
EndProject
Project("{8BC9CEB8-8B4A-11D0-8D11-00A0C91BC942}") = "Binary Tree Right Side View", "Binary Tree Right Side View\Binary Tree Right Side View.vcxproj", "{9F0BA73E-567B-4B48-9AA8-D7B27393874F}"
EndProject
Project("{8BC9CEB8-8B4A-11D0-8D11-00A0C91BC942}") = "Populating Next Right Pointers in Each Node", "Populating Next Right Pointers in Each Node\Populating Next Right Pointers in Each Node.vcxproj", "{AB1EB476-1C5B-4604-B803-A01B7F53E939}"
EndProject
Project("{8BC9CEB8-8B4A-11D0-8D11-00A0C91BC942}") = "Populating Next Right Pointers in Each Node II", "Populating Next Right Pointers in Each Node II\Populating Next Right Pointers in Each Node II.vcxproj", "{C69263FE-A99F-4C12-8131-1AC5F1A0F692}"
EndProject
Project("{8BC9CEB8-8B4A-11D0-8D11-00A0C91BC942}") = "Surrounded Regions", "Surrounded Regions\Surrounded Regions.vcxproj", "{CE36936A-63AD-4176-9752-67D97B1AE59F}"
EndProject
Project("{8BC9CEB8-8B4A-11D0-8D11-00A0C91BC942}") = "Count Numbers with Unique Digits", "Count Numbers with Unique Digits\Count Numbers with Unique Digits.vcxproj", "{55832AB2-D2C1-4FCD-898E-A08D57293405}"
EndProject
Project("{8BC9CEB8-8B4A-11D0-8D11-00A0C91BC942}") = "Longest Increasing Subsequence", "Longest Increasing Subsequence\Longest Increasing Subsequence.vcxproj", "{56B24060-8141-4A25-B8EB-BDA8DBDF98B4}"
EndProject
Project("{8BC9CEB8-8B4A-11D0-8D11-00A0C91BC942}") = "Gray Code", "Gray Code\Gray Code.vcxproj", "{FB91BBF3-D4CF-44E6-9FA5-721AE453E20B}"
EndProject
Project("{8BC9CEB8-8B4A-11D0-8D11-00A0C91BC942}") = "Target Sum", "Target Sum\Target Sum.vcxproj", "{EA10EBDE-5767-442F-B434-E547A43486E4}"
EndProject
Project("{8BC9CEB8-8B4A-11D0-8D11-00A0C91BC942}") = "Single Element in a Sorted Array", "Single Element in a Sorted Array\Single Element in a Sorted Array.vcxproj", "{D5DAF31E-8422-475D-98DD-7A2E9CA05A50}"
EndProject
Global
	GlobalSection(SolutionConfigurationPlatforms) = preSolution
		Debug|Win32 = Debug|Win32
		Debug|x64 = Debug|x64
		Release|Win32 = Release|Win32
		Release|x64 = Release|x64
	EndGlobalSection
	GlobalSection(ProjectConfigurationPlatforms) = postSolution
		{8E8538BC-AEB9-49EA-951E-FFC062DC2049}.Debug|Win32.ActiveCfg = Debug|Win32
		{8E8538BC-AEB9-49EA-951E-FFC062DC2049}.Debug|Win32.Build.0 = Debug|Win32
		{8E8538BC-AEB9-49EA-951E-FFC062DC2049}.Debug|x64.ActiveCfg = Debug|Win32
		{8E8538BC-AEB9-49EA-951E-FFC062DC2049}.Release|Win32.ActiveCfg = Release|Win32
		{8E8538BC-AEB9-49EA-951E-FFC062DC2049}.Release|Win32.Build.0 = Release|Win32
		{8E8538BC-AEB9-49EA-951E-FFC062DC2049}.Release|x64.ActiveCfg = Release|Win32
		{B41890B1-10DE-4DEC-A172-6AC184B5D0E6}.Debug|Win32.ActiveCfg = Debug|Win32
		{B41890B1-10DE-4DEC-A172-6AC184B5D0E6}.Debug|Win32.Build.0 = Debug|Win32
		{B41890B1-10DE-4DEC-A172-6AC184B5D0E6}.Debug|x64.ActiveCfg = Debug|Win32
		{B41890B1-10DE-4DEC-A172-6AC184B5D0E6}.Release|Win32.ActiveCfg = Release|Win32
		{B41890B1-10DE-4DEC-A172-6AC184B5D0E6}.Release|Win32.Build.0 = Release|Win32
		{B41890B1-10DE-4DEC-A172-6AC184B5D0E6}.Release|x64.ActiveCfg = Release|Win32
		{4D10DCB2-E4D5-4591-A51C-DA82FF920C48}.Debug|Win32.ActiveCfg = Debug|Win32
		{4D10DCB2-E4D5-4591-A51C-DA82FF920C48}.Debug|Win32.Build.0 = Debug|Win32
		{4D10DCB2-E4D5-4591-A51C-DA82FF920C48}.Debug|x64.ActiveCfg = Debug|Win32
		{4D10DCB2-E4D5-4591-A51C-DA82FF920C48}.Release|Win32.ActiveCfg = Release|Win32
		{4D10DCB2-E4D5-4591-A51C-DA82FF920C48}.Release|Win32.Build.0 = Release|Win32
		{4D10DCB2-E4D5-4591-A51C-DA82FF920C48}.Release|x64.ActiveCfg = Release|Win32
		{77A4B00A-1D58-4BCA-A077-B405D860D86C}.Debug|Win32.ActiveCfg = Debug|Win32
		{77A4B00A-1D58-4BCA-A077-B405D860D86C}.Debug|Win32.Build.0 = Debug|Win32
		{77A4B00A-1D58-4BCA-A077-B405D860D86C}.Debug|x64.ActiveCfg = Debug|Win32
		{77A4B00A-1D58-4BCA-A077-B405D860D86C}.Release|Win32.ActiveCfg = Release|Win32
		{77A4B00A-1D58-4BCA-A077-B405D860D86C}.Release|Win32.Build.0 = Release|Win32
		{77A4B00A-1D58-4BCA-A077-B405D860D86C}.Release|x64.ActiveCfg = Release|Win32
		{FCC0779E-62D8-45E6-B483-6B274A4B3B55}.Debug|Win32.ActiveCfg = Debug|Win32
		{FCC0779E-62D8-45E6-B483-6B274A4B3B55}.Debug|Win32.Build.0 = Debug|Win32
		{FCC0779E-62D8-45E6-B483-6B274A4B3B55}.Debug|x64.ActiveCfg = Debug|Win32
		{FCC0779E-62D8-45E6-B483-6B274A4B3B55}.Release|Win32.ActiveCfg = Release|Win32
		{FCC0779E-62D8-45E6-B483-6B274A4B3B55}.Release|Win32.Build.0 = Release|Win32
		{FCC0779E-62D8-45E6-B483-6B274A4B3B55}.Release|x64.ActiveCfg = Release|Win32
		{010B8A4F-D69B-4335-9AAF-BF86528291FB}.Debug|Win32.ActiveCfg = Debug|Win32
		{010B8A4F-D69B-4335-9AAF-BF86528291FB}.Debug|Win32.Build.0 = Debug|Win32
		{010B8A4F-D69B-4335-9AAF-BF86528291FB}.Debug|x64.ActiveCfg = Debug|Win32
		{010B8A4F-D69B-4335-9AAF-BF86528291FB}.Release|Win32.ActiveCfg = Release|Win32
		{010B8A4F-D69B-4335-9AAF-BF86528291FB}.Release|Win32.Build.0 = Release|Win32
		{010B8A4F-D69B-4335-9AAF-BF86528291FB}.Release|x64.ActiveCfg = Release|Win32
		{350452D5-DFAC-4C12-859B-A10C7CAA3CAF}.Debug|Win32.ActiveCfg = Debug|Win32
		{350452D5-DFAC-4C12-859B-A10C7CAA3CAF}.Debug|Win32.Build.0 = Debug|Win32
		{350452D5-DFAC-4C12-859B-A10C7CAA3CAF}.Debug|x64.ActiveCfg = Debug|Win32
		{350452D5-DFAC-4C12-859B-A10C7CAA3CAF}.Release|Win32.ActiveCfg = Release|Win32
		{350452D5-DFAC-4C12-859B-A10C7CAA3CAF}.Release|Win32.Build.0 = Release|Win32
		{350452D5-DFAC-4C12-859B-A10C7CAA3CAF}.Release|x64.ActiveCfg = Release|Win32
		{FF58CB91-47B6-4D94-BC80-8DFB9A8A6E9C}.Debug|Win32.ActiveCfg = Debug|Win32
		{FF58CB91-47B6-4D94-BC80-8DFB9A8A6E9C}.Debug|Win32.Build.0 = Debug|Win32
		{FF58CB91-47B6-4D94-BC80-8DFB9A8A6E9C}.Debug|x64.ActiveCfg = Debug|Win32
		{FF58CB91-47B6-4D94-BC80-8DFB9A8A6E9C}.Release|Win32.ActiveCfg = Release|Win32
		{FF58CB91-47B6-4D94-BC80-8DFB9A8A6E9C}.Release|Win32.Build.0 = Release|Win32
		{FF58CB91-47B6-4D94-BC80-8DFB9A8A6E9C}.Release|x64.ActiveCfg = Release|Win32
		{F54DEBD0-9071-41E1-A29B-E40B22B33D51}.Debug|Win32.ActiveCfg = Debug|Win32
		{F54DEBD0-9071-41E1-A29B-E40B22B33D51}.Debug|Win32.Build.0 = Debug|Win32
		{F54DEBD0-9071-41E1-A29B-E40B22B33D51}.Debug|x64.ActiveCfg = Debug|Win32
		{F54DEBD0-9071-41E1-A29B-E40B22B33D51}.Release|Win32.ActiveCfg = Release|Win32
		{F54DEBD0-9071-41E1-A29B-E40B22B33D51}.Release|Win32.Build.0 = Release|Win32
		{F54DEBD0-9071-41E1-A29B-E40B22B33D51}.Release|x64.ActiveCfg = Release|Win32
		{6520DB6D-400F-4FF5-8675-2F71651A5390}.Debug|Win32.ActiveCfg = Debug|Win32
		{6520DB6D-400F-4FF5-8675-2F71651A5390}.Debug|Win32.Build.0 = Debug|Win32
		{6520DB6D-400F-4FF5-8675-2F71651A5390}.Debug|x64.ActiveCfg = Debug|Win32
		{6520DB6D-400F-4FF5-8675-2F71651A5390}.Release|Win32.ActiveCfg = Release|Win32
		{6520DB6D-400F-4FF5-8675-2F71651A5390}.Release|Win32.Build.0 = Release|Win32
		{6520DB6D-400F-4FF5-8675-2F71651A5390}.Release|x64.ActiveCfg = Release|Win32
		{006C6AD9-9F29-413C-9CB9-BAC534917975}.Debug|Win32.ActiveCfg = Debug|Win32
		{006C6AD9-9F29-413C-9CB9-BAC534917975}.Debug|Win32.Build.0 = Debug|Win32
		{006C6AD9-9F29-413C-9CB9-BAC534917975}.Debug|x64.ActiveCfg = Debug|Win32
		{006C6AD9-9F29-413C-9CB9-BAC534917975}.Release|Win32.ActiveCfg = Release|Win32
		{006C6AD9-9F29-413C-9CB9-BAC534917975}.Release|Win32.Build.0 = Release|Win32
		{006C6AD9-9F29-413C-9CB9-BAC534917975}.Release|x64.ActiveCfg = Release|Win32
		{CCE1B70F-150D-4D9C-BFBD-182D7735C2EF}.Debug|Win32.ActiveCfg = Debug|Win32
		{CCE1B70F-150D-4D9C-BFBD-182D7735C2EF}.Debug|Win32.Build.0 = Debug|Win32
		{CCE1B70F-150D-4D9C-BFBD-182D7735C2EF}.Debug|x64.ActiveCfg = Debug|Win32
		{CCE1B70F-150D-4D9C-BFBD-182D7735C2EF}.Release|Win32.ActiveCfg = Release|Win32
		{CCE1B70F-150D-4D9C-BFBD-182D7735C2EF}.Release|Win32.Build.0 = Release|Win32
		{CCE1B70F-150D-4D9C-BFBD-182D7735C2EF}.Release|x64.ActiveCfg = Release|Win32
		{490D4691-535F-465F-B397-71E104C70FFF}.Debug|Win32.ActiveCfg = Debug|Win32
		{490D4691-535F-465F-B397-71E104C70FFF}.Debug|Win32.Build.0 = Debug|Win32
		{490D4691-535F-465F-B397-71E104C70FFF}.Debug|x64.ActiveCfg = Debug|Win32
		{490D4691-535F-465F-B397-71E104C70FFF}.Release|Win32.ActiveCfg = Release|Win32
		{490D4691-535F-465F-B397-71E104C70FFF}.Release|Win32.Build.0 = Release|Win32
		{490D4691-535F-465F-B397-71E104C70FFF}.Release|x64.ActiveCfg = Release|Win32
		{B2BDAF9D-C849-495C-909E-337F5BC4603E}.Debug|Win32.ActiveCfg = Debug|Win32
		{B2BDAF9D-C849-495C-909E-337F5BC4603E}.Debug|Win32.Build.0 = Debug|Win32
		{B2BDAF9D-C849-495C-909E-337F5BC4603E}.Debug|x64.ActiveCfg = Debug|Win32
		{B2BDAF9D-C849-495C-909E-337F5BC4603E}.Release|Win32.ActiveCfg = Release|Win32
		{B2BDAF9D-C849-495C-909E-337F5BC4603E}.Release|Win32.Build.0 = Release|Win32
		{B2BDAF9D-C849-495C-909E-337F5BC4603E}.Release|x64.ActiveCfg = Release|Win32
		{39F8EE2C-A7E2-47E7-A81C-4090E1A7A07A}.Debug|Win32.ActiveCfg = Debug|Win32
		{39F8EE2C-A7E2-47E7-A81C-4090E1A7A07A}.Debug|Win32.Build.0 = Debug|Win32
		{39F8EE2C-A7E2-47E7-A81C-4090E1A7A07A}.Debug|x64.ActiveCfg = Debug|Win32
		{39F8EE2C-A7E2-47E7-A81C-4090E1A7A07A}.Release|Win32.ActiveCfg = Release|Win32
		{39F8EE2C-A7E2-47E7-A81C-4090E1A7A07A}.Release|Win32.Build.0 = Release|Win32
		{39F8EE2C-A7E2-47E7-A81C-4090E1A7A07A}.Release|x64.ActiveCfg = Release|Win32
		{E66A2755-92D3-4B13-88CE-CF3BE7B16DF3}.Debug|Win32.ActiveCfg = Debug|Win32
		{E66A2755-92D3-4B13-88CE-CF3BE7B16DF3}.Debug|Win32.Build.0 = Debug|Win32
		{E66A2755-92D3-4B13-88CE-CF3BE7B16DF3}.Debug|x64.ActiveCfg = Debug|Win32
		{E66A2755-92D3-4B13-88CE-CF3BE7B16DF3}.Release|Win32.ActiveCfg = Release|Win32
		{E66A2755-92D3-4B13-88CE-CF3BE7B16DF3}.Release|Win32.Build.0 = Release|Win32
		{E66A2755-92D3-4B13-88CE-CF3BE7B16DF3}.Release|x64.ActiveCfg = Release|Win32
		{981D1F9D-F7B1-4F86-BB56-B1515D8E703A}.Debug|Win32.ActiveCfg = Debug|Win32
		{981D1F9D-F7B1-4F86-BB56-B1515D8E703A}.Debug|Win32.Build.0 = Debug|Win32
		{981D1F9D-F7B1-4F86-BB56-B1515D8E703A}.Debug|x64.ActiveCfg = Debug|Win32
		{981D1F9D-F7B1-4F86-BB56-B1515D8E703A}.Release|Win32.ActiveCfg = Release|Win32
		{981D1F9D-F7B1-4F86-BB56-B1515D8E703A}.Release|Win32.Build.0 = Release|Win32
		{981D1F9D-F7B1-4F86-BB56-B1515D8E703A}.Release|x64.ActiveCfg = Release|Win32
		{07A49A16-4DC0-4A8C-A804-88B4994AB1C3}.Debug|Win32.ActiveCfg = Debug|Win32
		{07A49A16-4DC0-4A8C-A804-88B4994AB1C3}.Debug|Win32.Build.0 = Debug|Win32
		{07A49A16-4DC0-4A8C-A804-88B4994AB1C3}.Debug|x64.ActiveCfg = Debug|Win32
		{07A49A16-4DC0-4A8C-A804-88B4994AB1C3}.Release|Win32.ActiveCfg = Release|Win32
		{07A49A16-4DC0-4A8C-A804-88B4994AB1C3}.Release|Win32.Build.0 = Release|Win32
		{07A49A16-4DC0-4A8C-A804-88B4994AB1C3}.Release|x64.ActiveCfg = Release|Win32
		{58E65E19-DE2B-44E4-9A11-2C74C3A5F8B4}.Debug|Win32.ActiveCfg = Debug|Win32
		{58E65E19-DE2B-44E4-9A11-2C74C3A5F8B4}.Debug|Win32.Build.0 = Debug|Win32
		{58E65E19-DE2B-44E4-9A11-2C74C3A5F8B4}.Debug|x64.ActiveCfg = Debug|Win32
		{58E65E19-DE2B-44E4-9A11-2C74C3A5F8B4}.Release|Win32.ActiveCfg = Release|Win32
		{58E65E19-DE2B-44E4-9A11-2C74C3A5F8B4}.Release|Win32.Build.0 = Release|Win32
		{58E65E19-DE2B-44E4-9A11-2C74C3A5F8B4}.Release|x64.ActiveCfg = Release|Win32
		{67F77D41-CC50-41C9-B2EA-80F81AA9F624}.Debug|Win32.ActiveCfg = Debug|Win32
		{67F77D41-CC50-41C9-B2EA-80F81AA9F624}.Debug|Win32.Build.0 = Debug|Win32
		{67F77D41-CC50-41C9-B2EA-80F81AA9F624}.Debug|x64.ActiveCfg = Debug|Win32
		{67F77D41-CC50-41C9-B2EA-80F81AA9F624}.Release|Win32.ActiveCfg = Release|Win32
		{67F77D41-CC50-41C9-B2EA-80F81AA9F624}.Release|Win32.Build.0 = Release|Win32
		{67F77D41-CC50-41C9-B2EA-80F81AA9F624}.Release|x64.ActiveCfg = Release|Win32
		{6D99239E-3E2C-4B46-AA50-49629152C945}.Debug|Win32.ActiveCfg = Debug|Win32
		{6D99239E-3E2C-4B46-AA50-49629152C945}.Debug|Win32.Build.0 = Debug|Win32
		{6D99239E-3E2C-4B46-AA50-49629152C945}.Debug|x64.ActiveCfg = Debug|Win32
		{6D99239E-3E2C-4B46-AA50-49629152C945}.Release|Win32.ActiveCfg = Release|Win32
		{6D99239E-3E2C-4B46-AA50-49629152C945}.Release|Win32.Build.0 = Release|Win32
		{6D99239E-3E2C-4B46-AA50-49629152C945}.Release|x64.ActiveCfg = Release|Win32
		{BB28BEBA-660F-43A7-984F-828CF8236513}.Debug|Win32.ActiveCfg = Debug|Win32
		{BB28BEBA-660F-43A7-984F-828CF8236513}.Debug|Win32.Build.0 = Debug|Win32
		{BB28BEBA-660F-43A7-984F-828CF8236513}.Debug|x64.ActiveCfg = Debug|Win32
		{BB28BEBA-660F-43A7-984F-828CF8236513}.Release|Win32.ActiveCfg = Release|Win32
		{BB28BEBA-660F-43A7-984F-828CF8236513}.Release|Win32.Build.0 = Release|Win32
		{BB28BEBA-660F-43A7-984F-828CF8236513}.Release|x64.ActiveCfg = Release|Win32
		{C51C3AA5-0A79-451C-8021-AB82F9102A36}.Debug|Win32.ActiveCfg = Debug|Win32
		{C51C3AA5-0A79-451C-8021-AB82F9102A36}.Debug|Win32.Build.0 = Debug|Win32
		{C51C3AA5-0A79-451C-8021-AB82F9102A36}.Debug|x64.ActiveCfg = Debug|Win32
		{C51C3AA5-0A79-451C-8021-AB82F9102A36}.Release|Win32.ActiveCfg = Release|Win32
		{C51C3AA5-0A79-451C-8021-AB82F9102A36}.Release|Win32.Build.0 = Release|Win32
		{C51C3AA5-0A79-451C-8021-AB82F9102A36}.Release|x64.ActiveCfg = Release|Win32
		{EF7353C6-42E6-4D81-88BF-D31C0633434A}.Debug|Win32.ActiveCfg = Debug|Win32
		{EF7353C6-42E6-4D81-88BF-D31C0633434A}.Debug|Win32.Build.0 = Debug|Win32
		{EF7353C6-42E6-4D81-88BF-D31C0633434A}.Debug|x64.ActiveCfg = Debug|Win32
		{EF7353C6-42E6-4D81-88BF-D31C0633434A}.Release|Win32.ActiveCfg = Release|Win32
		{EF7353C6-42E6-4D81-88BF-D31C0633434A}.Release|Win32.Build.0 = Release|Win32
		{EF7353C6-42E6-4D81-88BF-D31C0633434A}.Release|x64.ActiveCfg = Release|Win32
		{F29A0692-4B24-4778-A43C-839BDC0DB966}.Debug|Win32.ActiveCfg = Debug|Win32
		{F29A0692-4B24-4778-A43C-839BDC0DB966}.Debug|Win32.Build.0 = Debug|Win32
		{F29A0692-4B24-4778-A43C-839BDC0DB966}.Debug|x64.ActiveCfg = Debug|Win32
		{F29A0692-4B24-4778-A43C-839BDC0DB966}.Release|Win32.ActiveCfg = Release|Win32
		{F29A0692-4B24-4778-A43C-839BDC0DB966}.Release|Win32.Build.0 = Release|Win32
		{F29A0692-4B24-4778-A43C-839BDC0DB966}.Release|x64.ActiveCfg = Release|Win32
		{A0705B9F-8767-429B-9912-3DB15BF309B7}.Debug|Win32.ActiveCfg = Debug|Win32
		{A0705B9F-8767-429B-9912-3DB15BF309B7}.Debug|Win32.Build.0 = Debug|Win32
		{A0705B9F-8767-429B-9912-3DB15BF309B7}.Debug|x64.ActiveCfg = Debug|Win32
		{A0705B9F-8767-429B-9912-3DB15BF309B7}.Release|Win32.ActiveCfg = Release|Win32
		{A0705B9F-8767-429B-9912-3DB15BF309B7}.Release|Win32.Build.0 = Release|Win32
		{A0705B9F-8767-429B-9912-3DB15BF309B7}.Release|x64.ActiveCfg = Release|Win32
		{601B205D-D170-40C9-9B6B-9E725EDF817F}.Debug|Win32.ActiveCfg = Debug|Win32
		{601B205D-D170-40C9-9B6B-9E725EDF817F}.Debug|Win32.Build.0 = Debug|Win32
		{601B205D-D170-40C9-9B6B-9E725EDF817F}.Debug|x64.ActiveCfg = Debug|Win32
		{601B205D-D170-40C9-9B6B-9E725EDF817F}.Release|Win32.ActiveCfg = Release|Win32
		{601B205D-D170-40C9-9B6B-9E725EDF817F}.Release|Win32.Build.0 = Release|Win32
		{601B205D-D170-40C9-9B6B-9E725EDF817F}.Release|x64.ActiveCfg = Release|Win32
		{CBCC8AE5-D021-4124-88CF-5643B0532D49}.Debug|Win32.ActiveCfg = Debug|Win32
		{CBCC8AE5-D021-4124-88CF-5643B0532D49}.Debug|Win32.Build.0 = Debug|Win32
		{CBCC8AE5-D021-4124-88CF-5643B0532D49}.Debug|x64.ActiveCfg = Debug|Win32
		{CBCC8AE5-D021-4124-88CF-5643B0532D49}.Release|Win32.ActiveCfg = Release|Win32
		{CBCC8AE5-D021-4124-88CF-5643B0532D49}.Release|Win32.Build.0 = Release|Win32
		{CBCC8AE5-D021-4124-88CF-5643B0532D49}.Release|x64.ActiveCfg = Release|Win32
		{C37A2A55-9549-443C-AE7B-63726FC699D5}.Debug|Win32.ActiveCfg = Debug|Win32
		{C37A2A55-9549-443C-AE7B-63726FC699D5}.Debug|Win32.Build.0 = Debug|Win32
		{C37A2A55-9549-443C-AE7B-63726FC699D5}.Debug|x64.ActiveCfg = Debug|Win32
		{C37A2A55-9549-443C-AE7B-63726FC699D5}.Release|Win32.ActiveCfg = Release|Win32
		{C37A2A55-9549-443C-AE7B-63726FC699D5}.Release|Win32.Build.0 = Release|Win32
		{C37A2A55-9549-443C-AE7B-63726FC699D5}.Release|x64.ActiveCfg = Release|Win32
		{3293E7EB-D9B9-4815-90A2-2F54578CF2E4}.Debug|Win32.ActiveCfg = Debug|Win32
		{3293E7EB-D9B9-4815-90A2-2F54578CF2E4}.Debug|Win32.Build.0 = Debug|Win32
		{3293E7EB-D9B9-4815-90A2-2F54578CF2E4}.Debug|x64.ActiveCfg = Debug|Win32
		{3293E7EB-D9B9-4815-90A2-2F54578CF2E4}.Release|Win32.ActiveCfg = Release|Win32
		{3293E7EB-D9B9-4815-90A2-2F54578CF2E4}.Release|Win32.Build.0 = Release|Win32
		{3293E7EB-D9B9-4815-90A2-2F54578CF2E4}.Release|x64.ActiveCfg = Release|Win32
		{42725607-BDE1-4714-93DF-2365EB229767}.Debug|Win32.ActiveCfg = Debug|Win32
		{42725607-BDE1-4714-93DF-2365EB229767}.Debug|Win32.Build.0 = Debug|Win32
		{42725607-BDE1-4714-93DF-2365EB229767}.Debug|x64.ActiveCfg = Debug|Win32
		{42725607-BDE1-4714-93DF-2365EB229767}.Release|Win32.ActiveCfg = Release|Win32
		{42725607-BDE1-4714-93DF-2365EB229767}.Release|Win32.Build.0 = Release|Win32
		{42725607-BDE1-4714-93DF-2365EB229767}.Release|x64.ActiveCfg = Release|Win32
		{EE5CEE9B-CFB3-4DFE-8DE4-60CAF5324CFF}.Debug|Win32.ActiveCfg = Debug|Win32
		{EE5CEE9B-CFB3-4DFE-8DE4-60CAF5324CFF}.Debug|Win32.Build.0 = Debug|Win32
		{EE5CEE9B-CFB3-4DFE-8DE4-60CAF5324CFF}.Debug|x64.ActiveCfg = Debug|Win32
		{EE5CEE9B-CFB3-4DFE-8DE4-60CAF5324CFF}.Release|Win32.ActiveCfg = Release|Win32
		{EE5CEE9B-CFB3-4DFE-8DE4-60CAF5324CFF}.Release|Win32.Build.0 = Release|Win32
		{EE5CEE9B-CFB3-4DFE-8DE4-60CAF5324CFF}.Release|x64.ActiveCfg = Release|Win32
		{473AF612-81E0-41FD-A254-73105724DD0B}.Debug|Win32.ActiveCfg = Debug|Win32
		{473AF612-81E0-41FD-A254-73105724DD0B}.Debug|Win32.Build.0 = Debug|Win32
		{473AF612-81E0-41FD-A254-73105724DD0B}.Debug|x64.ActiveCfg = Debug|Win32
		{473AF612-81E0-41FD-A254-73105724DD0B}.Release|Win32.ActiveCfg = Release|Win32
		{473AF612-81E0-41FD-A254-73105724DD0B}.Release|Win32.Build.0 = Release|Win32
		{473AF612-81E0-41FD-A254-73105724DD0B}.Release|x64.ActiveCfg = Release|Win32
		{692079D6-F3DB-45B3-9A5B-3CE1075DF809}.Debug|Win32.ActiveCfg = Debug|Win32
		{692079D6-F3DB-45B3-9A5B-3CE1075DF809}.Debug|Win32.Build.0 = Debug|Win32
		{692079D6-F3DB-45B3-9A5B-3CE1075DF809}.Debug|x64.ActiveCfg = Debug|Win32
		{692079D6-F3DB-45B3-9A5B-3CE1075DF809}.Release|Win32.ActiveCfg = Release|Win32
		{692079D6-F3DB-45B3-9A5B-3CE1075DF809}.Release|Win32.Build.0 = Release|Win32
		{692079D6-F3DB-45B3-9A5B-3CE1075DF809}.Release|x64.ActiveCfg = Release|Win32
		{B8EFFB57-557A-4994-8C19-B056FAFB8797}.Debug|Win32.ActiveCfg = Debug|Win32
		{B8EFFB57-557A-4994-8C19-B056FAFB8797}.Debug|Win32.Build.0 = Debug|Win32
		{B8EFFB57-557A-4994-8C19-B056FAFB8797}.Debug|x64.ActiveCfg = Debug|Win32
		{B8EFFB57-557A-4994-8C19-B056FAFB8797}.Release|Win32.ActiveCfg = Release|Win32
		{B8EFFB57-557A-4994-8C19-B056FAFB8797}.Release|Win32.Build.0 = Release|Win32
		{B8EFFB57-557A-4994-8C19-B056FAFB8797}.Release|x64.ActiveCfg = Release|Win32
		{62E5B040-B354-496B-BF03-055CE461B582}.Debug|Win32.ActiveCfg = Debug|Win32
		{62E5B040-B354-496B-BF03-055CE461B582}.Debug|Win32.Build.0 = Debug|Win32
		{62E5B040-B354-496B-BF03-055CE461B582}.Debug|x64.ActiveCfg = Debug|Win32
		{62E5B040-B354-496B-BF03-055CE461B582}.Release|Win32.ActiveCfg = Release|Win32
		{62E5B040-B354-496B-BF03-055CE461B582}.Release|Win32.Build.0 = Release|Win32
		{62E5B040-B354-496B-BF03-055CE461B582}.Release|x64.ActiveCfg = Release|Win32
		{3170574B-2CAD-4266-96F9-EA01AFFB3B17}.Debug|Win32.ActiveCfg = Debug|Win32
		{3170574B-2CAD-4266-96F9-EA01AFFB3B17}.Debug|Win32.Build.0 = Debug|Win32
		{3170574B-2CAD-4266-96F9-EA01AFFB3B17}.Debug|x64.ActiveCfg = Debug|Win32
		{3170574B-2CAD-4266-96F9-EA01AFFB3B17}.Release|Win32.ActiveCfg = Release|Win32
		{3170574B-2CAD-4266-96F9-EA01AFFB3B17}.Release|Win32.Build.0 = Release|Win32
		{3170574B-2CAD-4266-96F9-EA01AFFB3B17}.Release|x64.ActiveCfg = Release|Win32
		{2E4F9DD6-8A26-4A0F-84A2-FA5B97168D79}.Debug|Win32.ActiveCfg = Debug|Win32
		{2E4F9DD6-8A26-4A0F-84A2-FA5B97168D79}.Debug|Win32.Build.0 = Debug|Win32
		{2E4F9DD6-8A26-4A0F-84A2-FA5B97168D79}.Debug|x64.ActiveCfg = Debug|Win32
		{2E4F9DD6-8A26-4A0F-84A2-FA5B97168D79}.Release|Win32.ActiveCfg = Release|Win32
		{2E4F9DD6-8A26-4A0F-84A2-FA5B97168D79}.Release|Win32.Build.0 = Release|Win32
		{2E4F9DD6-8A26-4A0F-84A2-FA5B97168D79}.Release|x64.ActiveCfg = Release|Win32
		{BB17F00A-3BCF-42F0-A883-355204285484}.Debug|Win32.ActiveCfg = Debug|Win32
		{BB17F00A-3BCF-42F0-A883-355204285484}.Debug|Win32.Build.0 = Debug|Win32
		{BB17F00A-3BCF-42F0-A883-355204285484}.Debug|x64.ActiveCfg = Debug|Win32
		{BB17F00A-3BCF-42F0-A883-355204285484}.Release|Win32.ActiveCfg = Release|Win32
		{BB17F00A-3BCF-42F0-A883-355204285484}.Release|Win32.Build.0 = Release|Win32
		{BB17F00A-3BCF-42F0-A883-355204285484}.Release|x64.ActiveCfg = Release|Win32
		{AE89C8ED-DD18-4860-843F-757299F095EA}.Debug|Win32.ActiveCfg = Debug|Win32
		{AE89C8ED-DD18-4860-843F-757299F095EA}.Debug|Win32.Build.0 = Debug|Win32
		{AE89C8ED-DD18-4860-843F-757299F095EA}.Debug|x64.ActiveCfg = Debug|Win32
		{AE89C8ED-DD18-4860-843F-757299F095EA}.Release|Win32.ActiveCfg = Release|Win32
		{AE89C8ED-DD18-4860-843F-757299F095EA}.Release|Win32.Build.0 = Release|Win32
		{AE89C8ED-DD18-4860-843F-757299F095EA}.Release|x64.ActiveCfg = Release|Win32
		{07835ED8-F8D5-4D54-8AD2-317DAF7B7DDE}.Debug|Win32.ActiveCfg = Debug|Win32
		{07835ED8-F8D5-4D54-8AD2-317DAF7B7DDE}.Debug|Win32.Build.0 = Debug|Win32
		{07835ED8-F8D5-4D54-8AD2-317DAF7B7DDE}.Debug|x64.ActiveCfg = Debug|Win32
		{07835ED8-F8D5-4D54-8AD2-317DAF7B7DDE}.Release|Win32.ActiveCfg = Release|Win32
		{07835ED8-F8D5-4D54-8AD2-317DAF7B7DDE}.Release|Win32.Build.0 = Release|Win32
		{07835ED8-F8D5-4D54-8AD2-317DAF7B7DDE}.Release|x64.ActiveCfg = Release|Win32
		{3A997EA3-B35A-460F-8D8E-25EA27414505}.Debug|Win32.ActiveCfg = Debug|Win32
		{3A997EA3-B35A-460F-8D8E-25EA27414505}.Debug|Win32.Build.0 = Debug|Win32
		{3A997EA3-B35A-460F-8D8E-25EA27414505}.Debug|x64.ActiveCfg = Debug|Win32
		{3A997EA3-B35A-460F-8D8E-25EA27414505}.Release|Win32.ActiveCfg = Release|Win32
		{3A997EA3-B35A-460F-8D8E-25EA27414505}.Release|Win32.Build.0 = Release|Win32
		{3A997EA3-B35A-460F-8D8E-25EA27414505}.Release|x64.ActiveCfg = Release|Win32
		{C8AE9CB9-6E28-41EB-9C1D-85E507B35CC9}.Debug|Win32.ActiveCfg = Debug|Win32
		{C8AE9CB9-6E28-41EB-9C1D-85E507B35CC9}.Debug|Win32.Build.0 = Debug|Win32
		{C8AE9CB9-6E28-41EB-9C1D-85E507B35CC9}.Debug|x64.ActiveCfg = Debug|Win32
		{C8AE9CB9-6E28-41EB-9C1D-85E507B35CC9}.Release|Win32.ActiveCfg = Release|Win32
		{C8AE9CB9-6E28-41EB-9C1D-85E507B35CC9}.Release|Win32.Build.0 = Release|Win32
		{C8AE9CB9-6E28-41EB-9C1D-85E507B35CC9}.Release|x64.ActiveCfg = Release|Win32
		{B89FD2C8-97BA-4C2F-9859-A1D66AD8CDD1}.Debug|Win32.ActiveCfg = Debug|Win32
		{B89FD2C8-97BA-4C2F-9859-A1D66AD8CDD1}.Debug|Win32.Build.0 = Debug|Win32
		{B89FD2C8-97BA-4C2F-9859-A1D66AD8CDD1}.Debug|x64.ActiveCfg = Debug|Win32
		{B89FD2C8-97BA-4C2F-9859-A1D66AD8CDD1}.Release|Win32.ActiveCfg = Release|Win32
		{B89FD2C8-97BA-4C2F-9859-A1D66AD8CDD1}.Release|Win32.Build.0 = Release|Win32
		{B89FD2C8-97BA-4C2F-9859-A1D66AD8CDD1}.Release|x64.ActiveCfg = Release|Win32
		{4532DCDD-5608-4EA8-8808-3883EDCA5CE2}.Debug|Win32.ActiveCfg = Debug|Win32
		{4532DCDD-5608-4EA8-8808-3883EDCA5CE2}.Debug|Win32.Build.0 = Debug|Win32
		{4532DCDD-5608-4EA8-8808-3883EDCA5CE2}.Debug|x64.ActiveCfg = Debug|Win32
		{4532DCDD-5608-4EA8-8808-3883EDCA5CE2}.Release|Win32.ActiveCfg = Release|Win32
		{4532DCDD-5608-4EA8-8808-3883EDCA5CE2}.Release|Win32.Build.0 = Release|Win32
		{4532DCDD-5608-4EA8-8808-3883EDCA5CE2}.Release|x64.ActiveCfg = Release|Win32
		{F75218FA-A502-4ECD-8BF1-22F6B2F20D3A}.Debug|Win32.ActiveCfg = Debug|Win32
		{F75218FA-A502-4ECD-8BF1-22F6B2F20D3A}.Debug|Win32.Build.0 = Debug|Win32
		{F75218FA-A502-4ECD-8BF1-22F6B2F20D3A}.Debug|x64.ActiveCfg = Debug|Win32
		{F75218FA-A502-4ECD-8BF1-22F6B2F20D3A}.Release|Win32.ActiveCfg = Release|Win32
		{F75218FA-A502-4ECD-8BF1-22F6B2F20D3A}.Release|Win32.Build.0 = Release|Win32
		{F75218FA-A502-4ECD-8BF1-22F6B2F20D3A}.Release|x64.ActiveCfg = Release|Win32
		{A7CFB1B0-6010-4869-BFD2-3871C5118D02}.Debug|Win32.ActiveCfg = Debug|Win32
		{A7CFB1B0-6010-4869-BFD2-3871C5118D02}.Debug|Win32.Build.0 = Debug|Win32
		{A7CFB1B0-6010-4869-BFD2-3871C5118D02}.Debug|x64.ActiveCfg = Debug|Win32
		{A7CFB1B0-6010-4869-BFD2-3871C5118D02}.Release|Win32.ActiveCfg = Release|Win32
		{A7CFB1B0-6010-4869-BFD2-3871C5118D02}.Release|Win32.Build.0 = Release|Win32
		{A7CFB1B0-6010-4869-BFD2-3871C5118D02}.Release|x64.ActiveCfg = Release|Win32
		{20BF5C24-64AD-4630-B89C-70B873B07D10}.Debug|Win32.ActiveCfg = Debug|Win32
		{20BF5C24-64AD-4630-B89C-70B873B07D10}.Debug|Win32.Build.0 = Debug|Win32
		{20BF5C24-64AD-4630-B89C-70B873B07D10}.Debug|x64.ActiveCfg = Debug|Win32
		{20BF5C24-64AD-4630-B89C-70B873B07D10}.Release|Win32.ActiveCfg = Release|Win32
		{20BF5C24-64AD-4630-B89C-70B873B07D10}.Release|Win32.Build.0 = Release|Win32
		{20BF5C24-64AD-4630-B89C-70B873B07D10}.Release|x64.ActiveCfg = Release|Win32
		{B0851867-D8E1-48B4-B7AB-54F8ADCB3BC4}.Debug|Win32.ActiveCfg = Debug|Win32
		{B0851867-D8E1-48B4-B7AB-54F8ADCB3BC4}.Debug|Win32.Build.0 = Debug|Win32
		{B0851867-D8E1-48B4-B7AB-54F8ADCB3BC4}.Debug|x64.ActiveCfg = Debug|Win32
		{B0851867-D8E1-48B4-B7AB-54F8ADCB3BC4}.Release|Win32.ActiveCfg = Release|Win32
		{B0851867-D8E1-48B4-B7AB-54F8ADCB3BC4}.Release|Win32.Build.0 = Release|Win32
		{B0851867-D8E1-48B4-B7AB-54F8ADCB3BC4}.Release|x64.ActiveCfg = Release|Win32
		{AC4A1BF6-18E4-4574-A3BD-A96DAEC32146}.Debug|Win32.ActiveCfg = Debug|Win32
		{AC4A1BF6-18E4-4574-A3BD-A96DAEC32146}.Debug|Win32.Build.0 = Debug|Win32
		{AC4A1BF6-18E4-4574-A3BD-A96DAEC32146}.Debug|x64.ActiveCfg = Debug|Win32
		{AC4A1BF6-18E4-4574-A3BD-A96DAEC32146}.Release|Win32.ActiveCfg = Release|Win32
		{AC4A1BF6-18E4-4574-A3BD-A96DAEC32146}.Release|Win32.Build.0 = Release|Win32
		{AC4A1BF6-18E4-4574-A3BD-A96DAEC32146}.Release|x64.ActiveCfg = Release|Win32
		{2F91257A-8F2F-4159-9BFD-484EC2E11913}.Debug|Win32.ActiveCfg = Debug|Win32
		{2F91257A-8F2F-4159-9BFD-484EC2E11913}.Debug|Win32.Build.0 = Debug|Win32
		{2F91257A-8F2F-4159-9BFD-484EC2E11913}.Debug|x64.ActiveCfg = Debug|Win32
		{2F91257A-8F2F-4159-9BFD-484EC2E11913}.Release|Win32.ActiveCfg = Release|Win32
		{2F91257A-8F2F-4159-9BFD-484EC2E11913}.Release|Win32.Build.0 = Release|Win32
		{2F91257A-8F2F-4159-9BFD-484EC2E11913}.Release|x64.ActiveCfg = Release|Win32
		{E8DA4047-1C2E-4AE3-8A00-3EC51E913657}.Debug|Win32.ActiveCfg = Debug|Win32
		{E8DA4047-1C2E-4AE3-8A00-3EC51E913657}.Debug|Win32.Build.0 = Debug|Win32
		{E8DA4047-1C2E-4AE3-8A00-3EC51E913657}.Debug|x64.ActiveCfg = Debug|Win32
		{E8DA4047-1C2E-4AE3-8A00-3EC51E913657}.Release|Win32.ActiveCfg = Release|Win32
		{E8DA4047-1C2E-4AE3-8A00-3EC51E913657}.Release|Win32.Build.0 = Release|Win32
		{E8DA4047-1C2E-4AE3-8A00-3EC51E913657}.Release|x64.ActiveCfg = Release|Win32
		{BA5C3B59-046C-4ED3-B5A9-2685C469769F}.Debug|Win32.ActiveCfg = Debug|Win32
		{BA5C3B59-046C-4ED3-B5A9-2685C469769F}.Debug|Win32.Build.0 = Debug|Win32
		{BA5C3B59-046C-4ED3-B5A9-2685C469769F}.Debug|x64.ActiveCfg = Debug|Win32
		{BA5C3B59-046C-4ED3-B5A9-2685C469769F}.Release|Win32.ActiveCfg = Release|Win32
		{BA5C3B59-046C-4ED3-B5A9-2685C469769F}.Release|Win32.Build.0 = Release|Win32
		{BA5C3B59-046C-4ED3-B5A9-2685C469769F}.Release|x64.ActiveCfg = Release|Win32
		{D75BED53-CCF9-409F-BDF4-AD94D59B53CE}.Debug|Win32.ActiveCfg = Debug|Win32
		{D75BED53-CCF9-409F-BDF4-AD94D59B53CE}.Debug|Win32.Build.0 = Debug|Win32
		{D75BED53-CCF9-409F-BDF4-AD94D59B53CE}.Debug|x64.ActiveCfg = Debug|Win32
		{D75BED53-CCF9-409F-BDF4-AD94D59B53CE}.Release|Win32.ActiveCfg = Release|Win32
		{D75BED53-CCF9-409F-BDF4-AD94D59B53CE}.Release|Win32.Build.0 = Release|Win32
		{D75BED53-CCF9-409F-BDF4-AD94D59B53CE}.Release|x64.ActiveCfg = Release|Win32
		{F6F0701D-6E53-434F-8133-63D4B4265AA7}.Debug|Win32.ActiveCfg = Debug|Win32
		{F6F0701D-6E53-434F-8133-63D4B4265AA7}.Debug|Win32.Build.0 = Debug|Win32
		{F6F0701D-6E53-434F-8133-63D4B4265AA7}.Debug|x64.ActiveCfg = Debug|Win32
		{F6F0701D-6E53-434F-8133-63D4B4265AA7}.Release|Win32.ActiveCfg = Release|Win32
		{F6F0701D-6E53-434F-8133-63D4B4265AA7}.Release|Win32.Build.0 = Release|Win32
		{F6F0701D-6E53-434F-8133-63D4B4265AA7}.Release|x64.ActiveCfg = Release|Win32
		{76E71949-ABD1-4232-ACD2-17A6FA1FD4CD}.Debug|Win32.ActiveCfg = Debug|Win32
		{76E71949-ABD1-4232-ACD2-17A6FA1FD4CD}.Debug|Win32.Build.0 = Debug|Win32
		{76E71949-ABD1-4232-ACD2-17A6FA1FD4CD}.Debug|x64.ActiveCfg = Debug|Win32
		{76E71949-ABD1-4232-ACD2-17A6FA1FD4CD}.Release|Win32.ActiveCfg = Release|Win32
		{76E71949-ABD1-4232-ACD2-17A6FA1FD4CD}.Release|Win32.Build.0 = Release|Win32
		{76E71949-ABD1-4232-ACD2-17A6FA1FD4CD}.Release|x64.ActiveCfg = Release|Win32
		{DD5FD4DE-C601-4E23-AF4A-178E13F9B1F4}.Debug|Win32.ActiveCfg = Debug|Win32
		{DD5FD4DE-C601-4E23-AF4A-178E13F9B1F4}.Debug|Win32.Build.0 = Debug|Win32
		{DD5FD4DE-C601-4E23-AF4A-178E13F9B1F4}.Debug|x64.ActiveCfg = Debug|Win32
		{DD5FD4DE-C601-4E23-AF4A-178E13F9B1F4}.Release|Win32.ActiveCfg = Release|Win32
		{DD5FD4DE-C601-4E23-AF4A-178E13F9B1F4}.Release|Win32.Build.0 = Release|Win32
		{DD5FD4DE-C601-4E23-AF4A-178E13F9B1F4}.Release|x64.ActiveCfg = Release|Win32
		{17A1CBA6-4471-47D1-A5E9-3B35A9A0EE66}.Debug|Win32.ActiveCfg = Debug|Win32
		{17A1CBA6-4471-47D1-A5E9-3B35A9A0EE66}.Debug|Win32.Build.0 = Debug|Win32
		{17A1CBA6-4471-47D1-A5E9-3B35A9A0EE66}.Debug|x64.ActiveCfg = Debug|Win32
		{17A1CBA6-4471-47D1-A5E9-3B35A9A0EE66}.Release|Win32.ActiveCfg = Release|Win32
		{17A1CBA6-4471-47D1-A5E9-3B35A9A0EE66}.Release|Win32.Build.0 = Release|Win32
		{17A1CBA6-4471-47D1-A5E9-3B35A9A0EE66}.Release|x64.ActiveCfg = Release|Win32
		{A7DCBA21-AD58-487D-9D11-94FD184D882A}.Debug|Win32.ActiveCfg = Debug|Win32
		{A7DCBA21-AD58-487D-9D11-94FD184D882A}.Debug|Win32.Build.0 = Debug|Win32
		{A7DCBA21-AD58-487D-9D11-94FD184D882A}.Debug|x64.ActiveCfg = Debug|Win32
		{A7DCBA21-AD58-487D-9D11-94FD184D882A}.Release|Win32.ActiveCfg = Release|Win32
		{A7DCBA21-AD58-487D-9D11-94FD184D882A}.Release|Win32.Build.0 = Release|Win32
		{A7DCBA21-AD58-487D-9D11-94FD184D882A}.Release|x64.ActiveCfg = Release|Win32
		{1D5C08A1-E03B-4C44-8BD9-50C8D8EFDF2E}.Debug|Win32.ActiveCfg = Debug|Win32
		{1D5C08A1-E03B-4C44-8BD9-50C8D8EFDF2E}.Debug|Win32.Build.0 = Debug|Win32
		{1D5C08A1-E03B-4C44-8BD9-50C8D8EFDF2E}.Debug|x64.ActiveCfg = Debug|Win32
		{1D5C08A1-E03B-4C44-8BD9-50C8D8EFDF2E}.Release|Win32.ActiveCfg = Release|Win32
		{1D5C08A1-E03B-4C44-8BD9-50C8D8EFDF2E}.Release|Win32.Build.0 = Release|Win32
		{1D5C08A1-E03B-4C44-8BD9-50C8D8EFDF2E}.Release|x64.ActiveCfg = Release|Win32
		{0B27F778-D8E0-4308-BE4C-2753E4AFCAB9}.Debug|Win32.ActiveCfg = Debug|Win32
		{0B27F778-D8E0-4308-BE4C-2753E4AFCAB9}.Debug|Win32.Build.0 = Debug|Win32
		{0B27F778-D8E0-4308-BE4C-2753E4AFCAB9}.Debug|x64.ActiveCfg = Debug|Win32
		{0B27F778-D8E0-4308-BE4C-2753E4AFCAB9}.Release|Win32.ActiveCfg = Release|Win32
		{0B27F778-D8E0-4308-BE4C-2753E4AFCAB9}.Release|Win32.Build.0 = Release|Win32
		{0B27F778-D8E0-4308-BE4C-2753E4AFCAB9}.Release|x64.ActiveCfg = Release|Win32
		{7AFF339A-DCAB-4D97-9671-7B7D361D9121}.Debug|Win32.ActiveCfg = Debug|Win32
		{7AFF339A-DCAB-4D97-9671-7B7D361D9121}.Debug|Win32.Build.0 = Debug|Win32
		{7AFF339A-DCAB-4D97-9671-7B7D361D9121}.Debug|x64.ActiveCfg = Debug|Win32
		{7AFF339A-DCAB-4D97-9671-7B7D361D9121}.Release|Win32.ActiveCfg = Release|Win32
		{7AFF339A-DCAB-4D97-9671-7B7D361D9121}.Release|Win32.Build.0 = Release|Win32
		{7AFF339A-DCAB-4D97-9671-7B7D361D9121}.Release|x64.ActiveCfg = Release|Win32
		{81BA6338-455B-4F32-BECB-49251F286C94}.Debug|Win32.ActiveCfg = Debug|Win32
		{81BA6338-455B-4F32-BECB-49251F286C94}.Debug|Win32.Build.0 = Debug|Win32
		{81BA6338-455B-4F32-BECB-49251F286C94}.Debug|x64.ActiveCfg = Debug|Win32
		{81BA6338-455B-4F32-BECB-49251F286C94}.Release|Win32.ActiveCfg = Release|Win32
		{81BA6338-455B-4F32-BECB-49251F286C94}.Release|Win32.Build.0 = Release|Win32
		{81BA6338-455B-4F32-BECB-49251F286C94}.Release|x64.ActiveCfg = Release|Win32
		{B3F2654F-5167-47CC-85BF-AC0DA13E9F09}.Debug|Win32.ActiveCfg = Debug|Win32
		{B3F2654F-5167-47CC-85BF-AC0DA13E9F09}.Debug|Win32.Build.0 = Debug|Win32
		{B3F2654F-5167-47CC-85BF-AC0DA13E9F09}.Debug|x64.ActiveCfg = Debug|Win32
		{B3F2654F-5167-47CC-85BF-AC0DA13E9F09}.Release|Win32.ActiveCfg = Release|Win32
		{B3F2654F-5167-47CC-85BF-AC0DA13E9F09}.Release|Win32.Build.0 = Release|Win32
		{B3F2654F-5167-47CC-85BF-AC0DA13E9F09}.Release|x64.ActiveCfg = Release|Win32
		{501C02C9-24E4-4E4D-BEAA-79DB305EC256}.Debug|Win32.ActiveCfg = Debug|Win32
		{501C02C9-24E4-4E4D-BEAA-79DB305EC256}.Debug|Win32.Build.0 = Debug|Win32
		{501C02C9-24E4-4E4D-BEAA-79DB305EC256}.Debug|x64.ActiveCfg = Debug|Win32
		{501C02C9-24E4-4E4D-BEAA-79DB305EC256}.Release|Win32.ActiveCfg = Release|Win32
		{501C02C9-24E4-4E4D-BEAA-79DB305EC256}.Release|Win32.Build.0 = Release|Win32
		{501C02C9-24E4-4E4D-BEAA-79DB305EC256}.Release|x64.ActiveCfg = Release|Win32
		{AA6C3C28-C708-4A6E-BED6-9340212B62EC}.Debug|Win32.ActiveCfg = Debug|Win32
		{AA6C3C28-C708-4A6E-BED6-9340212B62EC}.Debug|Win32.Build.0 = Debug|Win32
		{AA6C3C28-C708-4A6E-BED6-9340212B62EC}.Debug|x64.ActiveCfg = Debug|Win32
		{AA6C3C28-C708-4A6E-BED6-9340212B62EC}.Release|Win32.ActiveCfg = Release|Win32
		{AA6C3C28-C708-4A6E-BED6-9340212B62EC}.Release|Win32.Build.0 = Release|Win32
		{AA6C3C28-C708-4A6E-BED6-9340212B62EC}.Release|x64.ActiveCfg = Release|Win32
		{AE9E7EB9-1809-49D9-B9BC-9BB8CFCBB38B}.Debug|Win32.ActiveCfg = Debug|Win32
		{AE9E7EB9-1809-49D9-B9BC-9BB8CFCBB38B}.Debug|Win32.Build.0 = Debug|Win32
		{AE9E7EB9-1809-49D9-B9BC-9BB8CFCBB38B}.Debug|x64.ActiveCfg = Debug|Win32
		{AE9E7EB9-1809-49D9-B9BC-9BB8CFCBB38B}.Release|Win32.ActiveCfg = Release|Win32
		{AE9E7EB9-1809-49D9-B9BC-9BB8CFCBB38B}.Release|Win32.Build.0 = Release|Win32
		{AE9E7EB9-1809-49D9-B9BC-9BB8CFCBB38B}.Release|x64.ActiveCfg = Release|Win32
		{CF3B44E1-80EB-4EB5-849D-EE46DA2603B0}.Debug|Win32.ActiveCfg = Debug|Win32
		{CF3B44E1-80EB-4EB5-849D-EE46DA2603B0}.Debug|Win32.Build.0 = Debug|Win32
		{CF3B44E1-80EB-4EB5-849D-EE46DA2603B0}.Debug|x64.ActiveCfg = Debug|Win32
		{CF3B44E1-80EB-4EB5-849D-EE46DA2603B0}.Release|Win32.ActiveCfg = Release|Win32
		{CF3B44E1-80EB-4EB5-849D-EE46DA2603B0}.Release|Win32.Build.0 = Release|Win32
		{CF3B44E1-80EB-4EB5-849D-EE46DA2603B0}.Release|x64.ActiveCfg = Release|Win32
		{E6D9EBC0-7FC4-43CD-9AF2-F986C226FCBC}.Debug|Win32.ActiveCfg = Debug|Win32
		{E6D9EBC0-7FC4-43CD-9AF2-F986C226FCBC}.Debug|Win32.Build.0 = Debug|Win32
		{E6D9EBC0-7FC4-43CD-9AF2-F986C226FCBC}.Debug|x64.ActiveCfg = Debug|Win32
		{E6D9EBC0-7FC4-43CD-9AF2-F986C226FCBC}.Release|Win32.ActiveCfg = Release|Win32
		{E6D9EBC0-7FC4-43CD-9AF2-F986C226FCBC}.Release|Win32.Build.0 = Release|Win32
		{E6D9EBC0-7FC4-43CD-9AF2-F986C226FCBC}.Release|x64.ActiveCfg = Release|Win32
		{2C0C1B75-4B8A-4F2E-9198-295EE9049F1F}.Debug|Win32.ActiveCfg = Debug|Win32
		{2C0C1B75-4B8A-4F2E-9198-295EE9049F1F}.Debug|Win32.Build.0 = Debug|Win32
		{2C0C1B75-4B8A-4F2E-9198-295EE9049F1F}.Debug|x64.ActiveCfg = Debug|Win32
		{2C0C1B75-4B8A-4F2E-9198-295EE9049F1F}.Release|Win32.ActiveCfg = Release|Win32
		{2C0C1B75-4B8A-4F2E-9198-295EE9049F1F}.Release|Win32.Build.0 = Release|Win32
		{2C0C1B75-4B8A-4F2E-9198-295EE9049F1F}.Release|x64.ActiveCfg = Release|Win32
		{8D9A1DD7-92C0-4572-90ED-7FE1B9B3E622}.Debug|Win32.ActiveCfg = Debug|Win32
		{8D9A1DD7-92C0-4572-90ED-7FE1B9B3E622}.Debug|Win32.Build.0 = Debug|Win32
		{8D9A1DD7-92C0-4572-90ED-7FE1B9B3E622}.Debug|x64.ActiveCfg = Debug|Win32
		{8D9A1DD7-92C0-4572-90ED-7FE1B9B3E622}.Release|Win32.ActiveCfg = Release|Win32
		{8D9A1DD7-92C0-4572-90ED-7FE1B9B3E622}.Release|Win32.Build.0 = Release|Win32
		{8D9A1DD7-92C0-4572-90ED-7FE1B9B3E622}.Release|x64.ActiveCfg = Release|Win32
		{83482FA2-A3A6-48ED-B605-8C44924AEF6D}.Debug|Win32.ActiveCfg = Debug|Win32
		{83482FA2-A3A6-48ED-B605-8C44924AEF6D}.Debug|Win32.Build.0 = Debug|Win32
		{83482FA2-A3A6-48ED-B605-8C44924AEF6D}.Debug|x64.ActiveCfg = Debug|Win32
		{83482FA2-A3A6-48ED-B605-8C44924AEF6D}.Release|Win32.ActiveCfg = Release|Win32
		{83482FA2-A3A6-48ED-B605-8C44924AEF6D}.Release|Win32.Build.0 = Release|Win32
		{83482FA2-A3A6-48ED-B605-8C44924AEF6D}.Release|x64.ActiveCfg = Release|Win32
		{C3086E54-258D-4799-B897-B69C40189BB6}.Debug|Win32.ActiveCfg = Debug|Win32
		{C3086E54-258D-4799-B897-B69C40189BB6}.Debug|Win32.Build.0 = Debug|Win32
		{C3086E54-258D-4799-B897-B69C40189BB6}.Debug|x64.ActiveCfg = Debug|Win32
		{C3086E54-258D-4799-B897-B69C40189BB6}.Release|Win32.ActiveCfg = Release|Win32
		{C3086E54-258D-4799-B897-B69C40189BB6}.Release|Win32.Build.0 = Release|Win32
		{C3086E54-258D-4799-B897-B69C40189BB6}.Release|x64.ActiveCfg = Release|Win32
		{9FEF5C57-9FB0-4D43-B4DC-DC27338B92FF}.Debug|Win32.ActiveCfg = Debug|Win32
		{9FEF5C57-9FB0-4D43-B4DC-DC27338B92FF}.Debug|Win32.Build.0 = Debug|Win32
		{9FEF5C57-9FB0-4D43-B4DC-DC27338B92FF}.Debug|x64.ActiveCfg = Debug|Win32
		{9FEF5C57-9FB0-4D43-B4DC-DC27338B92FF}.Release|Win32.ActiveCfg = Release|Win32
		{9FEF5C57-9FB0-4D43-B4DC-DC27338B92FF}.Release|Win32.Build.0 = Release|Win32
		{9FEF5C57-9FB0-4D43-B4DC-DC27338B92FF}.Release|x64.ActiveCfg = Release|Win32
		{1A411C31-AB36-488E-9BAC-96D05494C5F6}.Debug|Win32.ActiveCfg = Debug|Win32
		{1A411C31-AB36-488E-9BAC-96D05494C5F6}.Debug|Win32.Build.0 = Debug|Win32
		{1A411C31-AB36-488E-9BAC-96D05494C5F6}.Debug|x64.ActiveCfg = Debug|Win32
		{1A411C31-AB36-488E-9BAC-96D05494C5F6}.Release|Win32.ActiveCfg = Release|Win32
		{1A411C31-AB36-488E-9BAC-96D05494C5F6}.Release|Win32.Build.0 = Release|Win32
		{1A411C31-AB36-488E-9BAC-96D05494C5F6}.Release|x64.ActiveCfg = Release|Win32
		{982F88E1-04F2-414D-9DEB-A838E982E54A}.Debug|Win32.ActiveCfg = Debug|Win32
		{982F88E1-04F2-414D-9DEB-A838E982E54A}.Debug|Win32.Build.0 = Debug|Win32
		{982F88E1-04F2-414D-9DEB-A838E982E54A}.Debug|x64.ActiveCfg = Debug|Win32
		{982F88E1-04F2-414D-9DEB-A838E982E54A}.Release|Win32.ActiveCfg = Release|Win32
		{982F88E1-04F2-414D-9DEB-A838E982E54A}.Release|Win32.Build.0 = Release|Win32
		{982F88E1-04F2-414D-9DEB-A838E982E54A}.Release|x64.ActiveCfg = Release|Win32
		{EC3FE376-6A80-4F5D-AD71-240CD6D46359}.Debug|Win32.ActiveCfg = Debug|Win32
		{EC3FE376-6A80-4F5D-AD71-240CD6D46359}.Debug|Win32.Build.0 = Debug|Win32
		{EC3FE376-6A80-4F5D-AD71-240CD6D46359}.Debug|x64.ActiveCfg = Debug|Win32
		{EC3FE376-6A80-4F5D-AD71-240CD6D46359}.Release|Win32.ActiveCfg = Release|Win32
		{EC3FE376-6A80-4F5D-AD71-240CD6D46359}.Release|Win32.Build.0 = Release|Win32
		{EC3FE376-6A80-4F5D-AD71-240CD6D46359}.Release|x64.ActiveCfg = Release|Win32
		{A7A0E700-0B0E-45E5-8046-624EE5A99076}.Debug|Win32.ActiveCfg = Debug|Win32
		{A7A0E700-0B0E-45E5-8046-624EE5A99076}.Debug|Win32.Build.0 = Debug|Win32
		{A7A0E700-0B0E-45E5-8046-624EE5A99076}.Debug|x64.ActiveCfg = Debug|Win32
		{A7A0E700-0B0E-45E5-8046-624EE5A99076}.Release|Win32.ActiveCfg = Release|Win32
		{A7A0E700-0B0E-45E5-8046-624EE5A99076}.Release|Win32.Build.0 = Release|Win32
		{A7A0E700-0B0E-45E5-8046-624EE5A99076}.Release|x64.ActiveCfg = Release|Win32
		{9F1DE6E2-183D-467E-8DC5-9554934CB3AB}.Debug|Win32.ActiveCfg = Debug|Win32
		{9F1DE6E2-183D-467E-8DC5-9554934CB3AB}.Debug|Win32.Build.0 = Debug|Win32
		{9F1DE6E2-183D-467E-8DC5-9554934CB3AB}.Debug|x64.ActiveCfg = Debug|Win32
		{9F1DE6E2-183D-467E-8DC5-9554934CB3AB}.Release|Win32.ActiveCfg = Release|Win32
		{9F1DE6E2-183D-467E-8DC5-9554934CB3AB}.Release|Win32.Build.0 = Release|Win32
		{9F1DE6E2-183D-467E-8DC5-9554934CB3AB}.Release|x64.ActiveCfg = Release|Win32
		{A98B440B-8A7A-4D3D-8CC8-F1CC3BA229A2}.Debug|Win32.ActiveCfg = Debug|Win32
		{A98B440B-8A7A-4D3D-8CC8-F1CC3BA229A2}.Debug|Win32.Build.0 = Debug|Win32
		{A98B440B-8A7A-4D3D-8CC8-F1CC3BA229A2}.Debug|x64.ActiveCfg = Debug|Win32
		{A98B440B-8A7A-4D3D-8CC8-F1CC3BA229A2}.Release|Win32.ActiveCfg = Release|Win32
		{A98B440B-8A7A-4D3D-8CC8-F1CC3BA229A2}.Release|Win32.Build.0 = Release|Win32
		{A98B440B-8A7A-4D3D-8CC8-F1CC3BA229A2}.Release|x64.ActiveCfg = Release|Win32
		{FC6BB249-003B-456C-B951-57BC2D0719BE}.Debug|Win32.ActiveCfg = Debug|Win32
		{FC6BB249-003B-456C-B951-57BC2D0719BE}.Debug|Win32.Build.0 = Debug|Win32
		{FC6BB249-003B-456C-B951-57BC2D0719BE}.Debug|x64.ActiveCfg = Debug|Win32
		{FC6BB249-003B-456C-B951-57BC2D0719BE}.Release|Win32.ActiveCfg = Release|Win32
		{FC6BB249-003B-456C-B951-57BC2D0719BE}.Release|Win32.Build.0 = Release|Win32
		{FC6BB249-003B-456C-B951-57BC2D0719BE}.Release|x64.ActiveCfg = Release|Win32
		{DF3983CB-CA03-4655-A004-686EF99D2BAA}.Debug|Win32.ActiveCfg = Debug|Win32
		{DF3983CB-CA03-4655-A004-686EF99D2BAA}.Debug|Win32.Build.0 = Debug|Win32
		{DF3983CB-CA03-4655-A004-686EF99D2BAA}.Debug|x64.ActiveCfg = Debug|Win32
		{DF3983CB-CA03-4655-A004-686EF99D2BAA}.Release|Win32.ActiveCfg = Release|Win32
		{DF3983CB-CA03-4655-A004-686EF99D2BAA}.Release|Win32.Build.0 = Release|Win32
		{DF3983CB-CA03-4655-A004-686EF99D2BAA}.Release|x64.ActiveCfg = Release|Win32
		{3A421D97-6EBF-4D35-9539-27EF20C47F06}.Debug|Win32.ActiveCfg = Debug|Win32
		{3A421D97-6EBF-4D35-9539-27EF20C47F06}.Debug|Win32.Build.0 = Debug|Win32
		{3A421D97-6EBF-4D35-9539-27EF20C47F06}.Debug|x64.ActiveCfg = Debug|Win32
		{3A421D97-6EBF-4D35-9539-27EF20C47F06}.Release|Win32.ActiveCfg = Release|Win32
		{3A421D97-6EBF-4D35-9539-27EF20C47F06}.Release|Win32.Build.0 = Release|Win32
		{3A421D97-6EBF-4D35-9539-27EF20C47F06}.Release|x64.ActiveCfg = Release|Win32
		{AF114ED0-C17B-47D7-AE63-7F0E09C69525}.Debug|Win32.ActiveCfg = Debug|Win32
		{AF114ED0-C17B-47D7-AE63-7F0E09C69525}.Debug|Win32.Build.0 = Debug|Win32
		{AF114ED0-C17B-47D7-AE63-7F0E09C69525}.Debug|x64.ActiveCfg = Debug|Win32
		{AF114ED0-C17B-47D7-AE63-7F0E09C69525}.Release|Win32.ActiveCfg = Release|Win32
		{AF114ED0-C17B-47D7-AE63-7F0E09C69525}.Release|Win32.Build.0 = Release|Win32
		{AF114ED0-C17B-47D7-AE63-7F0E09C69525}.Release|x64.ActiveCfg = Release|Win32
		{3403100B-9944-455F-8B55-A0329F21FB54}.Debug|Win32.ActiveCfg = Debug|Win32
		{3403100B-9944-455F-8B55-A0329F21FB54}.Debug|Win32.Build.0 = Debug|Win32
		{3403100B-9944-455F-8B55-A0329F21FB54}.Debug|x64.ActiveCfg = Debug|Win32
		{3403100B-9944-455F-8B55-A0329F21FB54}.Release|Win32.ActiveCfg = Release|Win32
		{3403100B-9944-455F-8B55-A0329F21FB54}.Release|Win32.Build.0 = Release|Win32
		{3403100B-9944-455F-8B55-A0329F21FB54}.Release|x64.ActiveCfg = Release|Win32
		{B6760B6C-8E27-42A1-8A7D-6E2082B425C0}.Debug|Win32.ActiveCfg = Debug|Win32
		{B6760B6C-8E27-42A1-8A7D-6E2082B425C0}.Debug|Win32.Build.0 = Debug|Win32
		{B6760B6C-8E27-42A1-8A7D-6E2082B425C0}.Debug|x64.ActiveCfg = Debug|Win32
		{B6760B6C-8E27-42A1-8A7D-6E2082B425C0}.Release|Win32.ActiveCfg = Release|Win32
		{B6760B6C-8E27-42A1-8A7D-6E2082B425C0}.Release|Win32.Build.0 = Release|Win32
		{B6760B6C-8E27-42A1-8A7D-6E2082B425C0}.Release|x64.ActiveCfg = Release|Win32
		{8000BCFA-EC6C-4582-B42E-BEA5288CB2E2}.Debug|Win32.ActiveCfg = Debug|Win32
		{8000BCFA-EC6C-4582-B42E-BEA5288CB2E2}.Debug|Win32.Build.0 = Debug|Win32
		{8000BCFA-EC6C-4582-B42E-BEA5288CB2E2}.Debug|x64.ActiveCfg = Debug|Win32
		{8000BCFA-EC6C-4582-B42E-BEA5288CB2E2}.Release|Win32.ActiveCfg = Release|Win32
		{8000BCFA-EC6C-4582-B42E-BEA5288CB2E2}.Release|Win32.Build.0 = Release|Win32
		{8000BCFA-EC6C-4582-B42E-BEA5288CB2E2}.Release|x64.ActiveCfg = Release|Win32
		{BCB48E43-A59F-45AA-9847-DAB799158931}.Debug|Win32.ActiveCfg = Debug|Win32
		{BCB48E43-A59F-45AA-9847-DAB799158931}.Debug|Win32.Build.0 = Debug|Win32
		{BCB48E43-A59F-45AA-9847-DAB799158931}.Debug|x64.ActiveCfg = Debug|Win32
		{BCB48E43-A59F-45AA-9847-DAB799158931}.Release|Win32.ActiveCfg = Release|Win32
		{BCB48E43-A59F-45AA-9847-DAB799158931}.Release|Win32.Build.0 = Release|Win32
		{BCB48E43-A59F-45AA-9847-DAB799158931}.Release|x64.ActiveCfg = Release|Win32
		{AA82FD91-A175-407C-88E0-567C6D49A6CF}.Debug|Win32.ActiveCfg = Debug|Win32
		{AA82FD91-A175-407C-88E0-567C6D49A6CF}.Debug|Win32.Build.0 = Debug|Win32
		{AA82FD91-A175-407C-88E0-567C6D49A6CF}.Debug|x64.ActiveCfg = Debug|Win32
		{AA82FD91-A175-407C-88E0-567C6D49A6CF}.Release|Win32.ActiveCfg = Release|Win32
		{AA82FD91-A175-407C-88E0-567C6D49A6CF}.Release|Win32.Build.0 = Release|Win32
		{AA82FD91-A175-407C-88E0-567C6D49A6CF}.Release|x64.ActiveCfg = Release|Win32
		{1E0D9563-2C94-41EC-8E77-7E465A0B729E}.Debug|Win32.ActiveCfg = Debug|Win32
		{1E0D9563-2C94-41EC-8E77-7E465A0B729E}.Debug|Win32.Build.0 = Debug|Win32
		{1E0D9563-2C94-41EC-8E77-7E465A0B729E}.Debug|x64.ActiveCfg = Debug|Win32
		{1E0D9563-2C94-41EC-8E77-7E465A0B729E}.Release|Win32.ActiveCfg = Release|Win32
		{1E0D9563-2C94-41EC-8E77-7E465A0B729E}.Release|Win32.Build.0 = Release|Win32
		{1E0D9563-2C94-41EC-8E77-7E465A0B729E}.Release|x64.ActiveCfg = Release|Win32
		{AE636E95-5AB5-4200-BCDD-50A11719EBCF}.Debug|Win32.ActiveCfg = Debug|Win32
		{AE636E95-5AB5-4200-BCDD-50A11719EBCF}.Debug|Win32.Build.0 = Debug|Win32
		{AE636E95-5AB5-4200-BCDD-50A11719EBCF}.Debug|x64.ActiveCfg = Debug|Win32
		{AE636E95-5AB5-4200-BCDD-50A11719EBCF}.Release|Win32.ActiveCfg = Release|Win32
		{AE636E95-5AB5-4200-BCDD-50A11719EBCF}.Release|Win32.Build.0 = Release|Win32
		{AE636E95-5AB5-4200-BCDD-50A11719EBCF}.Release|x64.ActiveCfg = Release|Win32
		{7F3FCC11-F4F8-4004-86A9-12F3748DBDAC}.Debug|Win32.ActiveCfg = Debug|Win32
		{7F3FCC11-F4F8-4004-86A9-12F3748DBDAC}.Debug|Win32.Build.0 = Debug|Win32
		{7F3FCC11-F4F8-4004-86A9-12F3748DBDAC}.Debug|x64.ActiveCfg = Debug|Win32
		{7F3FCC11-F4F8-4004-86A9-12F3748DBDAC}.Release|Win32.ActiveCfg = Release|Win32
		{7F3FCC11-F4F8-4004-86A9-12F3748DBDAC}.Release|Win32.Build.0 = Release|Win32
		{7F3FCC11-F4F8-4004-86A9-12F3748DBDAC}.Release|x64.ActiveCfg = Release|Win32
		{4F4596A0-F1F4-4AF4-BBB0-0FF88C7A3958}.Debug|Win32.ActiveCfg = Debug|Win32
		{4F4596A0-F1F4-4AF4-BBB0-0FF88C7A3958}.Debug|Win32.Build.0 = Debug|Win32
		{4F4596A0-F1F4-4AF4-BBB0-0FF88C7A3958}.Debug|x64.ActiveCfg = Debug|Win32
		{4F4596A0-F1F4-4AF4-BBB0-0FF88C7A3958}.Release|Win32.ActiveCfg = Release|Win32
		{4F4596A0-F1F4-4AF4-BBB0-0FF88C7A3958}.Release|Win32.Build.0 = Release|Win32
		{4F4596A0-F1F4-4AF4-BBB0-0FF88C7A3958}.Release|x64.ActiveCfg = Release|Win32
		{7CA53FC7-D5CA-46F4-852B-099D0A442535}.Debug|Win32.ActiveCfg = Debug|Win32
		{7CA53FC7-D5CA-46F4-852B-099D0A442535}.Debug|Win32.Build.0 = Debug|Win32
		{7CA53FC7-D5CA-46F4-852B-099D0A442535}.Debug|x64.ActiveCfg = Debug|Win32
		{7CA53FC7-D5CA-46F4-852B-099D0A442535}.Release|Win32.ActiveCfg = Release|Win32
		{7CA53FC7-D5CA-46F4-852B-099D0A442535}.Release|Win32.Build.0 = Release|Win32
		{7CA53FC7-D5CA-46F4-852B-099D0A442535}.Release|x64.ActiveCfg = Release|Win32
		{4495A387-A128-4F1A-9FEA-E4161C1C9C1C}.Debug|Win32.ActiveCfg = Debug|Win32
		{4495A387-A128-4F1A-9FEA-E4161C1C9C1C}.Debug|Win32.Build.0 = Debug|Win32
		{4495A387-A128-4F1A-9FEA-E4161C1C9C1C}.Debug|x64.ActiveCfg = Debug|Win32
		{4495A387-A128-4F1A-9FEA-E4161C1C9C1C}.Release|Win32.ActiveCfg = Release|Win32
		{4495A387-A128-4F1A-9FEA-E4161C1C9C1C}.Release|Win32.Build.0 = Release|Win32
		{4495A387-A128-4F1A-9FEA-E4161C1C9C1C}.Release|x64.ActiveCfg = Release|Win32
		{DA3592CE-E630-4CBE-A529-849B10EDE113}.Debug|Win32.ActiveCfg = Debug|Win32
		{DA3592CE-E630-4CBE-A529-849B10EDE113}.Debug|Win32.Build.0 = Debug|Win32
		{DA3592CE-E630-4CBE-A529-849B10EDE113}.Debug|x64.ActiveCfg = Debug|Win32
		{DA3592CE-E630-4CBE-A529-849B10EDE113}.Release|Win32.ActiveCfg = Release|Win32
		{DA3592CE-E630-4CBE-A529-849B10EDE113}.Release|Win32.Build.0 = Release|Win32
		{DA3592CE-E630-4CBE-A529-849B10EDE113}.Release|x64.ActiveCfg = Release|Win32
		{B487F87C-7C4F-4C45-AD9C-B993F594F6B8}.Debug|Win32.ActiveCfg = Debug|Win32
		{B487F87C-7C4F-4C45-AD9C-B993F594F6B8}.Debug|Win32.Build.0 = Debug|Win32
		{B487F87C-7C4F-4C45-AD9C-B993F594F6B8}.Debug|x64.ActiveCfg = Debug|Win32
		{B487F87C-7C4F-4C45-AD9C-B993F594F6B8}.Release|Win32.ActiveCfg = Release|Win32
		{B487F87C-7C4F-4C45-AD9C-B993F594F6B8}.Release|Win32.Build.0 = Release|Win32
		{B487F87C-7C4F-4C45-AD9C-B993F594F6B8}.Release|x64.ActiveCfg = Release|Win32
		{DDBAD009-2ACF-4B7A-88DA-EF6E4DE0E6C8}.Debug|Win32.ActiveCfg = Debug|Win32
		{DDBAD009-2ACF-4B7A-88DA-EF6E4DE0E6C8}.Debug|Win32.Build.0 = Debug|Win32
		{DDBAD009-2ACF-4B7A-88DA-EF6E4DE0E6C8}.Debug|x64.ActiveCfg = Debug|Win32
		{DDBAD009-2ACF-4B7A-88DA-EF6E4DE0E6C8}.Release|Win32.ActiveCfg = Release|Win32
		{DDBAD009-2ACF-4B7A-88DA-EF6E4DE0E6C8}.Release|Win32.Build.0 = Release|Win32
		{DDBAD009-2ACF-4B7A-88DA-EF6E4DE0E6C8}.Release|x64.ActiveCfg = Release|Win32
		{D41AE837-6FD8-45B4-927F-E3FB58FC1F85}.Debug|Win32.ActiveCfg = Debug|Win32
		{D41AE837-6FD8-45B4-927F-E3FB58FC1F85}.Debug|Win32.Build.0 = Debug|Win32
		{D41AE837-6FD8-45B4-927F-E3FB58FC1F85}.Debug|x64.ActiveCfg = Debug|Win32
		{D41AE837-6FD8-45B4-927F-E3FB58FC1F85}.Release|Win32.ActiveCfg = Release|Win32
		{D41AE837-6FD8-45B4-927F-E3FB58FC1F85}.Release|Win32.Build.0 = Release|Win32
		{D41AE837-6FD8-45B4-927F-E3FB58FC1F85}.Release|x64.ActiveCfg = Release|Win32
		{D232B572-9AEA-46F6-B65B-0F6E7A1AC193}.Debug|Win32.ActiveCfg = Debug|Win32
		{D232B572-9AEA-46F6-B65B-0F6E7A1AC193}.Debug|Win32.Build.0 = Debug|Win32
		{D232B572-9AEA-46F6-B65B-0F6E7A1AC193}.Debug|x64.ActiveCfg = Debug|Win32
		{D232B572-9AEA-46F6-B65B-0F6E7A1AC193}.Release|Win32.ActiveCfg = Release|Win32
		{D232B572-9AEA-46F6-B65B-0F6E7A1AC193}.Release|Win32.Build.0 = Release|Win32
		{D232B572-9AEA-46F6-B65B-0F6E7A1AC193}.Release|x64.ActiveCfg = Release|Win32
		{3DAE9D42-8E70-48A0-891B-B66E6A58A8DB}.Debug|Win32.ActiveCfg = Debug|Win32
		{3DAE9D42-8E70-48A0-891B-B66E6A58A8DB}.Debug|Win32.Build.0 = Debug|Win32
		{3DAE9D42-8E70-48A0-891B-B66E6A58A8DB}.Debug|x64.ActiveCfg = Debug|Win32
		{3DAE9D42-8E70-48A0-891B-B66E6A58A8DB}.Release|Win32.ActiveCfg = Release|Win32
		{3DAE9D42-8E70-48A0-891B-B66E6A58A8DB}.Release|Win32.Build.0 = Release|Win32
		{3DAE9D42-8E70-48A0-891B-B66E6A58A8DB}.Release|x64.ActiveCfg = Release|Win32
		{0721EF65-F32D-4A16-8451-E41A47AF4FFB}.Debug|Win32.ActiveCfg = Debug|Win32
		{0721EF65-F32D-4A16-8451-E41A47AF4FFB}.Debug|Win32.Build.0 = Debug|Win32
		{0721EF65-F32D-4A16-8451-E41A47AF4FFB}.Debug|x64.ActiveCfg = Debug|Win32
		{0721EF65-F32D-4A16-8451-E41A47AF4FFB}.Release|Win32.ActiveCfg = Release|Win32
		{0721EF65-F32D-4A16-8451-E41A47AF4FFB}.Release|Win32.Build.0 = Release|Win32
		{0721EF65-F32D-4A16-8451-E41A47AF4FFB}.Release|x64.ActiveCfg = Release|Win32
		{77D4B70A-0618-4D21-98C1-1E5591C53220}.Debug|Win32.ActiveCfg = Debug|Win32
		{77D4B70A-0618-4D21-98C1-1E5591C53220}.Debug|Win32.Build.0 = Debug|Win32
		{77D4B70A-0618-4D21-98C1-1E5591C53220}.Debug|x64.ActiveCfg = Debug|Win32
		{77D4B70A-0618-4D21-98C1-1E5591C53220}.Release|Win32.ActiveCfg = Release|Win32
		{77D4B70A-0618-4D21-98C1-1E5591C53220}.Release|Win32.Build.0 = Release|Win32
		{77D4B70A-0618-4D21-98C1-1E5591C53220}.Release|x64.ActiveCfg = Release|Win32
		{A7CA5349-5601-4F06-9C31-79B9F3FC06B0}.Debug|Win32.ActiveCfg = Debug|Win32
		{A7CA5349-5601-4F06-9C31-79B9F3FC06B0}.Debug|Win32.Build.0 = Debug|Win32
		{A7CA5349-5601-4F06-9C31-79B9F3FC06B0}.Debug|x64.ActiveCfg = Debug|Win32
		{A7CA5349-5601-4F06-9C31-79B9F3FC06B0}.Release|Win32.ActiveCfg = Release|Win32
		{A7CA5349-5601-4F06-9C31-79B9F3FC06B0}.Release|Win32.Build.0 = Release|Win32
		{A7CA5349-5601-4F06-9C31-79B9F3FC06B0}.Release|x64.ActiveCfg = Release|Win32
		{4D5E484D-8DD1-4527-B0E7-919C510504D2}.Debug|Win32.ActiveCfg = Debug|Win32
		{4D5E484D-8DD1-4527-B0E7-919C510504D2}.Debug|Win32.Build.0 = Debug|Win32
		{4D5E484D-8DD1-4527-B0E7-919C510504D2}.Debug|x64.ActiveCfg = Debug|Win32
		{4D5E484D-8DD1-4527-B0E7-919C510504D2}.Release|Win32.ActiveCfg = Release|Win32
		{4D5E484D-8DD1-4527-B0E7-919C510504D2}.Release|Win32.Build.0 = Release|Win32
		{4D5E484D-8DD1-4527-B0E7-919C510504D2}.Release|x64.ActiveCfg = Release|Win32
		{EC9EEA0B-A0AC-43F8-90DD-5CE4921CCC41}.Debug|Win32.ActiveCfg = Debug|Win32
		{EC9EEA0B-A0AC-43F8-90DD-5CE4921CCC41}.Debug|Win32.Build.0 = Debug|Win32
		{EC9EEA0B-A0AC-43F8-90DD-5CE4921CCC41}.Debug|x64.ActiveCfg = Debug|Win32
		{EC9EEA0B-A0AC-43F8-90DD-5CE4921CCC41}.Release|Win32.ActiveCfg = Release|Win32
		{EC9EEA0B-A0AC-43F8-90DD-5CE4921CCC41}.Release|Win32.Build.0 = Release|Win32
		{EC9EEA0B-A0AC-43F8-90DD-5CE4921CCC41}.Release|x64.ActiveCfg = Release|Win32
		{1591BB11-3BAD-4262-97D9-2603B4CA9CCF}.Debug|Win32.ActiveCfg = Debug|Win32
		{1591BB11-3BAD-4262-97D9-2603B4CA9CCF}.Debug|Win32.Build.0 = Debug|Win32
		{1591BB11-3BAD-4262-97D9-2603B4CA9CCF}.Debug|x64.ActiveCfg = Debug|Win32
		{1591BB11-3BAD-4262-97D9-2603B4CA9CCF}.Release|Win32.ActiveCfg = Release|Win32
		{1591BB11-3BAD-4262-97D9-2603B4CA9CCF}.Release|Win32.Build.0 = Release|Win32
		{1591BB11-3BAD-4262-97D9-2603B4CA9CCF}.Release|x64.ActiveCfg = Release|Win32
		{46858FA7-8403-4E55-BF51-89EC4F6A654D}.Debug|Win32.ActiveCfg = Debug|Win32
		{46858FA7-8403-4E55-BF51-89EC4F6A654D}.Debug|Win32.Build.0 = Debug|Win32
		{46858FA7-8403-4E55-BF51-89EC4F6A654D}.Debug|x64.ActiveCfg = Debug|Win32
		{46858FA7-8403-4E55-BF51-89EC4F6A654D}.Release|Win32.ActiveCfg = Release|Win32
		{46858FA7-8403-4E55-BF51-89EC4F6A654D}.Release|Win32.Build.0 = Release|Win32
		{46858FA7-8403-4E55-BF51-89EC4F6A654D}.Release|x64.ActiveCfg = Release|Win32
		{F7EDB31E-22AE-474E-87C5-D62525B5F263}.Debug|Win32.ActiveCfg = Debug|Win32
		{F7EDB31E-22AE-474E-87C5-D62525B5F263}.Debug|Win32.Build.0 = Debug|Win32
		{F7EDB31E-22AE-474E-87C5-D62525B5F263}.Debug|x64.ActiveCfg = Debug|Win32
		{F7EDB31E-22AE-474E-87C5-D62525B5F263}.Release|Win32.ActiveCfg = Release|Win32
		{F7EDB31E-22AE-474E-87C5-D62525B5F263}.Release|Win32.Build.0 = Release|Win32
		{F7EDB31E-22AE-474E-87C5-D62525B5F263}.Release|x64.ActiveCfg = Release|Win32
		{BA16F24A-A816-46F4-895D-D6D5C8B83194}.Debug|Win32.ActiveCfg = Debug|Win32
		{BA16F24A-A816-46F4-895D-D6D5C8B83194}.Debug|Win32.Build.0 = Debug|Win32
		{BA16F24A-A816-46F4-895D-D6D5C8B83194}.Debug|x64.ActiveCfg = Debug|Win32
		{BA16F24A-A816-46F4-895D-D6D5C8B83194}.Release|Win32.ActiveCfg = Release|Win32
		{BA16F24A-A816-46F4-895D-D6D5C8B83194}.Release|Win32.Build.0 = Release|Win32
		{BA16F24A-A816-46F4-895D-D6D5C8B83194}.Release|x64.ActiveCfg = Release|Win32
		{6B439D64-F0C2-4E4B-944B-EA0D7B24EEB7}.Debug|Win32.ActiveCfg = Debug|Win32
		{6B439D64-F0C2-4E4B-944B-EA0D7B24EEB7}.Debug|Win32.Build.0 = Debug|Win32
		{6B439D64-F0C2-4E4B-944B-EA0D7B24EEB7}.Debug|x64.ActiveCfg = Debug|Win32
		{6B439D64-F0C2-4E4B-944B-EA0D7B24EEB7}.Release|Win32.ActiveCfg = Release|Win32
		{6B439D64-F0C2-4E4B-944B-EA0D7B24EEB7}.Release|Win32.Build.0 = Release|Win32
		{6B439D64-F0C2-4E4B-944B-EA0D7B24EEB7}.Release|x64.ActiveCfg = Release|Win32
		{9F0BA73E-567B-4B48-9AA8-D7B27393874F}.Debug|Win32.ActiveCfg = Debug|Win32
		{9F0BA73E-567B-4B48-9AA8-D7B27393874F}.Debug|Win32.Build.0 = Debug|Win32
		{9F0BA73E-567B-4B48-9AA8-D7B27393874F}.Debug|x64.ActiveCfg = Debug|Win32
		{9F0BA73E-567B-4B48-9AA8-D7B27393874F}.Release|Win32.ActiveCfg = Release|Win32
		{9F0BA73E-567B-4B48-9AA8-D7B27393874F}.Release|Win32.Build.0 = Release|Win32
		{9F0BA73E-567B-4B48-9AA8-D7B27393874F}.Release|x64.ActiveCfg = Release|Win32
		{AB1EB476-1C5B-4604-B803-A01B7F53E939}.Debug|Win32.ActiveCfg = Debug|Win32
		{AB1EB476-1C5B-4604-B803-A01B7F53E939}.Debug|Win32.Build.0 = Debug|Win32
		{AB1EB476-1C5B-4604-B803-A01B7F53E939}.Debug|x64.ActiveCfg = Debug|Win32
		{AB1EB476-1C5B-4604-B803-A01B7F53E939}.Release|Win32.ActiveCfg = Release|Win32
		{AB1EB476-1C5B-4604-B803-A01B7F53E939}.Release|Win32.Build.0 = Release|Win32
		{AB1EB476-1C5B-4604-B803-A01B7F53E939}.Release|x64.ActiveCfg = Release|Win32
		{C69263FE-A99F-4C12-8131-1AC5F1A0F692}.Debug|Win32.ActiveCfg = Debug|Win32
		{C69263FE-A99F-4C12-8131-1AC5F1A0F692}.Debug|Win32.Build.0 = Debug|Win32
		{C69263FE-A99F-4C12-8131-1AC5F1A0F692}.Debug|x64.ActiveCfg = Debug|Win32
		{C69263FE-A99F-4C12-8131-1AC5F1A0F692}.Release|Win32.ActiveCfg = Release|Win32
		{C69263FE-A99F-4C12-8131-1AC5F1A0F692}.Release|Win32.Build.0 = Release|Win32
		{C69263FE-A99F-4C12-8131-1AC5F1A0F692}.Release|x64.ActiveCfg = Release|Win32
		{CE36936A-63AD-4176-9752-67D97B1AE59F}.Debug|Win32.ActiveCfg = Debug|Win32
		{CE36936A-63AD-4176-9752-67D97B1AE59F}.Debug|Win32.Build.0 = Debug|Win32
		{CE36936A-63AD-4176-9752-67D97B1AE59F}.Debug|x64.ActiveCfg = Debug|Win32
		{CE36936A-63AD-4176-9752-67D97B1AE59F}.Release|Win32.ActiveCfg = Release|Win32
		{CE36936A-63AD-4176-9752-67D97B1AE59F}.Release|Win32.Build.0 = Release|Win32
		{CE36936A-63AD-4176-9752-67D97B1AE59F}.Release|x64.ActiveCfg = Release|Win32
		{55832AB2-D2C1-4FCD-898E-A08D57293405}.Debug|Win32.ActiveCfg = Debug|Win32
		{55832AB2-D2C1-4FCD-898E-A08D57293405}.Debug|Win32.Build.0 = Debug|Win32
		{55832AB2-D2C1-4FCD-898E-A08D57293405}.Debug|x64.ActiveCfg = Debug|Win32
		{55832AB2-D2C1-4FCD-898E-A08D57293405}.Release|Win32.ActiveCfg = Release|Win32
		{55832AB2-D2C1-4FCD-898E-A08D57293405}.Release|Win32.Build.0 = Release|Win32
		{55832AB2-D2C1-4FCD-898E-A08D57293405}.Release|x64.ActiveCfg = Release|Win32
		{56B24060-8141-4A25-B8EB-BDA8DBDF98B4}.Debug|Win32.ActiveCfg = Debug|Win32
		{56B24060-8141-4A25-B8EB-BDA8DBDF98B4}.Debug|Win32.Build.0 = Debug|Win32
		{56B24060-8141-4A25-B8EB-BDA8DBDF98B4}.Debug|x64.ActiveCfg = Debug|Win32
		{56B24060-8141-4A25-B8EB-BDA8DBDF98B4}.Release|Win32.ActiveCfg = Release|Win32
		{56B24060-8141-4A25-B8EB-BDA8DBDF98B4}.Release|Win32.Build.0 = Release|Win32
		{56B24060-8141-4A25-B8EB-BDA8DBDF98B4}.Release|x64.ActiveCfg = Release|Win32
		{FB91BBF3-D4CF-44E6-9FA5-721AE453E20B}.Debug|Win32.ActiveCfg = Debug|Win32
		{FB91BBF3-D4CF-44E6-9FA5-721AE453E20B}.Debug|Win32.Build.0 = Debug|Win32
		{FB91BBF3-D4CF-44E6-9FA5-721AE453E20B}.Debug|x64.ActiveCfg = Debug|Win32
		{FB91BBF3-D4CF-44E6-9FA5-721AE453E20B}.Release|Win32.ActiveCfg = Release|Win32
		{FB91BBF3-D4CF-44E6-9FA5-721AE453E20B}.Release|Win32.Build.0 = Release|Win32
		{FB91BBF3-D4CF-44E6-9FA5-721AE453E20B}.Release|x64.ActiveCfg = Release|Win32
		{EA10EBDE-5767-442F-B434-E547A43486E4}.Debug|Win32.ActiveCfg = Debug|Win32
		{EA10EBDE-5767-442F-B434-E547A43486E4}.Debug|Win32.Build.0 = Debug|Win32
		{EA10EBDE-5767-442F-B434-E547A43486E4}.Debug|x64.ActiveCfg = Debug|x64
		{EA10EBDE-5767-442F-B434-E547A43486E4}.Debug|x64.Build.0 = Debug|x64
		{EA10EBDE-5767-442F-B434-E547A43486E4}.Release|Win32.ActiveCfg = Release|Win32
		{EA10EBDE-5767-442F-B434-E547A43486E4}.Release|Win32.Build.0 = Release|Win32
		{EA10EBDE-5767-442F-B434-E547A43486E4}.Release|x64.ActiveCfg = Release|x64
		{EA10EBDE-5767-442F-B434-E547A43486E4}.Release|x64.Build.0 = Release|x64
		{D5DAF31E-8422-475D-98DD-7A2E9CA05A50}.Debug|Win32.ActiveCfg = Debug|Win32
		{D5DAF31E-8422-475D-98DD-7A2E9CA05A50}.Debug|Win32.Build.0 = Debug|Win32
		{D5DAF31E-8422-475D-98DD-7A2E9CA05A50}.Debug|x64.ActiveCfg = Debug|x64
		{D5DAF31E-8422-475D-98DD-7A2E9CA05A50}.Debug|x64.Build.0 = Debug|x64
		{D5DAF31E-8422-475D-98DD-7A2E9CA05A50}.Release|Win32.ActiveCfg = Release|Win32
		{D5DAF31E-8422-475D-98DD-7A2E9CA05A50}.Release|Win32.Build.0 = Release|Win32
		{D5DAF31E-8422-475D-98DD-7A2E9CA05A50}.Release|x64.ActiveCfg = Release|x64
		{D5DAF31E-8422-475D-98DD-7A2E9CA05A50}.Release|x64.Build.0 = Release|x64
	EndGlobalSection
	GlobalSection(SolutionProperties) = preSolution
		HideSolutionNode = FALSE
	EndGlobalSection
EndGlobal
