
Microsoft Visual Studio Solution File, Format Version 12.00
# Visual Studio 2013
VisualStudioVersion = 12.0.40629.0
MinimumVisualStudioVersion = 10.0.40219.1
Project("{8BC9CEB8-8B4A-11D0-8D11-00A0C91BC942}") = "Distinct SubSequences", "Distinct SubSequences\Distinct SubSequences.vcxproj", "{8E8538BC-AEB9-49EA-951E-FFC062DC2049}"
EndProject
Project("{8BC9CEB8-8B4A-11D0-8D11-00A0C91BC942}") = "Reoder List", "Reoder List\Reoder List.vcxproj", "{B41890B1-10DE-4DEC-A172-6AC184B5D0E6}"
EndProject
Project("{8BC9CEB8-8B4A-11D0-8D11-00A0C91BC942}") = "Nim", "Nim\Nim.vcxproj", "{4D10DCB2-E4D5-4591-A51C-DA82FF920C48}"
EndProject
Project("{8BC9CEB8-8B4A-11D0-8D11-00A0C91BC942}") = "Add Digits", "Add Digits\Add Digits.vcxproj", "{77A4B00A-1D58-4BCA-A077-B405D860D86C}"
EndProject
Project("{8BC9CEB8-8B4A-11D0-8D11-00A0C91BC942}") = "Maximum Depth of Binary Tree", "Maximum Depth of Binary Tree\Maximum Depth of Binary Tree.vcxproj", "{FCC0779E-62D8-45E6-B483-6B274A4B3B55}"
EndProject
Project("{8BC9CEB8-8B4A-11D0-8D11-00A0C91BC942}") = "Delete Node in a Linked List", "Delete Node in a Linked List\Delete Node in a Linked List.vcxproj", "{010B8A4F-D69B-4335-9AAF-BF86528291FB}"
EndProject
Project("{8BC9CEB8-8B4A-11D0-8D11-00A0C91BC942}") = "Same Tree", "Same Tree\Same Tree.vcxproj", "{350452D5-DFAC-4C12-859B-A10C7CAA3CAF}"
EndProject
Project("{8BC9CEB8-8B4A-11D0-8D11-00A0C91BC942}") = "Move Zeroes", "Move Zeroes\Move Zeroes.vcxproj", "{FF58CB91-47B6-4D94-BC80-8DFB9A8A6E9C}"
EndProject
Project("{8BC9CEB8-8B4A-11D0-8D11-00A0C91BC942}") = "Invert Binary Tree", "Invert Binary Tree\Invert Binary Tree.vcxproj", "{F54DEBD0-9071-41E1-A29B-E40B22B33D51}"
EndProject
Project("{8BC9CEB8-8B4A-11D0-8D11-00A0C91BC942}") = "Contains Duplicate", "Contains Duplicate\Contains Duplicate.vcxproj", "{6520DB6D-400F-4FF5-8675-2F71651A5390}"
EndProject
Project("{8BC9CEB8-8B4A-11D0-8D11-00A0C91BC942}") = "Valid Anagram", "Valid Anagram\Valid Anagram.vcxproj", "{006C6AD9-9F29-413C-9CB9-BAC534917975}"
EndProject
Project("{8BC9CEB8-8B4A-11D0-8D11-00A0C91BC942}") = "Excel Sheet Column Number", "Excel Sheet Column Number\Excel Sheet Column Number.vcxproj", "{CCE1B70F-150D-4D9C-BFBD-182D7735C2EF}"
EndProject
Project("{8BC9CEB8-8B4A-11D0-8D11-00A0C91BC942}") = "Lowest Common Ancestor of a Binary Search Tree", "Lowest Common Ancestor of a Binary Search Tree\Lowest Common Ancestor of a Binary Search Tree.vcxproj", "{490D4691-535F-465F-B397-71E104C70FFF}"
EndProject
Project("{8BC9CEB8-8B4A-11D0-8D11-00A0C91BC942}") = "Majority Element", "Majority Element\Majority Element.vcxproj", "{B2BDAF9D-C849-495C-909E-337F5BC4603E}"
EndProject
Project("{8BC9CEB8-8B4A-11D0-8D11-00A0C91BC942}") = "Number of 1 Bits", "Number of 1 Bits\Number of 1 Bits.vcxproj", "{39F8EE2C-A7E2-47E7-A81C-4090E1A7A07A}"
EndProject
Project("{8BC9CEB8-8B4A-11D0-8D11-00A0C91BC942}") = "Reverse Linked List", "Reverse Linked List\Reverse Linked List.vcxproj", "{E66A2755-92D3-4B13-88CE-CF3BE7B16DF3}"
EndProject
Project("{8BC9CEB8-8B4A-11D0-8D11-00A0C91BC942}") = "Remove Duplicates from Sorted List", "Remove Duplicates from Sorted List\Remove Duplicates from Sorted List.vcxproj", "{981D1F9D-F7B1-4F86-BB56-B1515D8E703A}"
EndProject
Project("{8BC9CEB8-8B4A-11D0-8D11-00A0C91BC942}") = "Climbing Stairs", "Climbing Stairs\Climbing Stairs.vcxproj", "{07A49A16-4DC0-4A8C-A804-88B4994AB1C3}"
EndProject
Project("{8BC9CEB8-8B4A-11D0-8D11-00A0C91BC942}") = "Ugly Number", "Ugly Number\Ugly Number.vcxproj", "{58E65E19-DE2B-44E4-9A11-2C74C3A5F8B4}"
EndProject
Global
	GlobalSection(SolutionConfigurationPlatforms) = preSolution
		Debug|Win32 = Debug|Win32
		Release|Win32 = Release|Win32
	EndGlobalSection
	GlobalSection(ProjectConfigurationPlatforms) = postSolution
		{8E8538BC-AEB9-49EA-951E-FFC062DC2049}.Debug|Win32.ActiveCfg = Debug|Win32
		{8E8538BC-AEB9-49EA-951E-FFC062DC2049}.Debug|Win32.Build.0 = Debug|Win32
		{8E8538BC-AEB9-49EA-951E-FFC062DC2049}.Release|Win32.ActiveCfg = Release|Win32
		{8E8538BC-AEB9-49EA-951E-FFC062DC2049}.Release|Win32.Build.0 = Release|Win32
		{B41890B1-10DE-4DEC-A172-6AC184B5D0E6}.Debug|Win32.ActiveCfg = Debug|Win32
		{B41890B1-10DE-4DEC-A172-6AC184B5D0E6}.Debug|Win32.Build.0 = Debug|Win32
		{B41890B1-10DE-4DEC-A172-6AC184B5D0E6}.Release|Win32.ActiveCfg = Release|Win32
		{B41890B1-10DE-4DEC-A172-6AC184B5D0E6}.Release|Win32.Build.0 = Release|Win32
		{4D10DCB2-E4D5-4591-A51C-DA82FF920C48}.Debug|Win32.ActiveCfg = Debug|Win32
		{4D10DCB2-E4D5-4591-A51C-DA82FF920C48}.Debug|Win32.Build.0 = Debug|Win32
		{4D10DCB2-E4D5-4591-A51C-DA82FF920C48}.Release|Win32.ActiveCfg = Release|Win32
		{4D10DCB2-E4D5-4591-A51C-DA82FF920C48}.Release|Win32.Build.0 = Release|Win32
		{77A4B00A-1D58-4BCA-A077-B405D860D86C}.Debug|Win32.ActiveCfg = Debug|Win32
		{77A4B00A-1D58-4BCA-A077-B405D860D86C}.Debug|Win32.Build.0 = Debug|Win32
		{77A4B00A-1D58-4BCA-A077-B405D860D86C}.Release|Win32.ActiveCfg = Release|Win32
		{77A4B00A-1D58-4BCA-A077-B405D860D86C}.Release|Win32.Build.0 = Release|Win32
		{FCC0779E-62D8-45E6-B483-6B274A4B3B55}.Debug|Win32.ActiveCfg = Debug|Win32
		{FCC0779E-62D8-45E6-B483-6B274A4B3B55}.Debug|Win32.Build.0 = Debug|Win32
		{FCC0779E-62D8-45E6-B483-6B274A4B3B55}.Release|Win32.ActiveCfg = Release|Win32
		{FCC0779E-62D8-45E6-B483-6B274A4B3B55}.Release|Win32.Build.0 = Release|Win32
		{010B8A4F-D69B-4335-9AAF-BF86528291FB}.Debug|Win32.ActiveCfg = Debug|Win32
		{010B8A4F-D69B-4335-9AAF-BF86528291FB}.Debug|Win32.Build.0 = Debug|Win32
		{010B8A4F-D69B-4335-9AAF-BF86528291FB}.Release|Win32.ActiveCfg = Release|Win32
		{010B8A4F-D69B-4335-9AAF-BF86528291FB}.Release|Win32.Build.0 = Release|Win32
		{350452D5-DFAC-4C12-859B-A10C7CAA3CAF}.Debug|Win32.ActiveCfg = Debug|Win32
		{350452D5-DFAC-4C12-859B-A10C7CAA3CAF}.Debug|Win32.Build.0 = Debug|Win32
		{350452D5-DFAC-4C12-859B-A10C7CAA3CAF}.Release|Win32.ActiveCfg = Release|Win32
		{350452D5-DFAC-4C12-859B-A10C7CAA3CAF}.Release|Win32.Build.0 = Release|Win32
		{FF58CB91-47B6-4D94-BC80-8DFB9A8A6E9C}.Debug|Win32.ActiveCfg = Debug|Win32
		{FF58CB91-47B6-4D94-BC80-8DFB9A8A6E9C}.Debug|Win32.Build.0 = Debug|Win32
		{FF58CB91-47B6-4D94-BC80-8DFB9A8A6E9C}.Release|Win32.ActiveCfg = Release|Win32
		{FF58CB91-47B6-4D94-BC80-8DFB9A8A6E9C}.Release|Win32.Build.0 = Release|Win32
		{F54DEBD0-9071-41E1-A29B-E40B22B33D51}.Debug|Win32.ActiveCfg = Debug|Win32
		{F54DEBD0-9071-41E1-A29B-E40B22B33D51}.Debug|Win32.Build.0 = Debug|Win32
		{F54DEBD0-9071-41E1-A29B-E40B22B33D51}.Release|Win32.ActiveCfg = Release|Win32
		{F54DEBD0-9071-41E1-A29B-E40B22B33D51}.Release|Win32.Build.0 = Release|Win32
		{6520DB6D-400F-4FF5-8675-2F71651A5390}.Debug|Win32.ActiveCfg = Debug|Win32
		{6520DB6D-400F-4FF5-8675-2F71651A5390}.Debug|Win32.Build.0 = Debug|Win32
		{6520DB6D-400F-4FF5-8675-2F71651A5390}.Release|Win32.ActiveCfg = Release|Win32
		{6520DB6D-400F-4FF5-8675-2F71651A5390}.Release|Win32.Build.0 = Release|Win32
		{006C6AD9-9F29-413C-9CB9-BAC534917975}.Debug|Win32.ActiveCfg = Debug|Win32
		{006C6AD9-9F29-413C-9CB9-BAC534917975}.Debug|Win32.Build.0 = Debug|Win32
		{006C6AD9-9F29-413C-9CB9-BAC534917975}.Release|Win32.ActiveCfg = Release|Win32
		{006C6AD9-9F29-413C-9CB9-BAC534917975}.Release|Win32.Build.0 = Release|Win32
		{CCE1B70F-150D-4D9C-BFBD-182D7735C2EF}.Debug|Win32.ActiveCfg = Debug|Win32
		{CCE1B70F-150D-4D9C-BFBD-182D7735C2EF}.Debug|Win32.Build.0 = Debug|Win32
		{CCE1B70F-150D-4D9C-BFBD-182D7735C2EF}.Release|Win32.ActiveCfg = Release|Win32
		{CCE1B70F-150D-4D9C-BFBD-182D7735C2EF}.Release|Win32.Build.0 = Release|Win32
		{490D4691-535F-465F-B397-71E104C70FFF}.Debug|Win32.ActiveCfg = Debug|Win32
		{490D4691-535F-465F-B397-71E104C70FFF}.Debug|Win32.Build.0 = Debug|Win32
		{490D4691-535F-465F-B397-71E104C70FFF}.Release|Win32.ActiveCfg = Release|Win32
		{490D4691-535F-465F-B397-71E104C70FFF}.Release|Win32.Build.0 = Release|Win32
		{B2BDAF9D-C849-495C-909E-337F5BC4603E}.Debug|Win32.ActiveCfg = Debug|Win32
		{B2BDAF9D-C849-495C-909E-337F5BC4603E}.Debug|Win32.Build.0 = Debug|Win32
		{B2BDAF9D-C849-495C-909E-337F5BC4603E}.Release|Win32.ActiveCfg = Release|Win32
		{B2BDAF9D-C849-495C-909E-337F5BC4603E}.Release|Win32.Build.0 = Release|Win32
		{39F8EE2C-A7E2-47E7-A81C-4090E1A7A07A}.Debug|Win32.ActiveCfg = Debug|Win32
		{39F8EE2C-A7E2-47E7-A81C-4090E1A7A07A}.Debug|Win32.Build.0 = Debug|Win32
		{39F8EE2C-A7E2-47E7-A81C-4090E1A7A07A}.Release|Win32.ActiveCfg = Release|Win32
		{39F8EE2C-A7E2-47E7-A81C-4090E1A7A07A}.Release|Win32.Build.0 = Release|Win32
		{E66A2755-92D3-4B13-88CE-CF3BE7B16DF3}.Debug|Win32.ActiveCfg = Debug|Win32
		{E66A2755-92D3-4B13-88CE-CF3BE7B16DF3}.Debug|Win32.Build.0 = Debug|Win32
		{E66A2755-92D3-4B13-88CE-CF3BE7B16DF3}.Release|Win32.ActiveCfg = Release|Win32
		{E66A2755-92D3-4B13-88CE-CF3BE7B16DF3}.Release|Win32.Build.0 = Release|Win32
		{981D1F9D-F7B1-4F86-BB56-B1515D8E703A}.Debug|Win32.ActiveCfg = Debug|Win32
		{981D1F9D-F7B1-4F86-BB56-B1515D8E703A}.Debug|Win32.Build.0 = Debug|Win32
		{981D1F9D-F7B1-4F86-BB56-B1515D8E703A}.Release|Win32.ActiveCfg = Release|Win32
		{981D1F9D-F7B1-4F86-BB56-B1515D8E703A}.Release|Win32.Build.0 = Release|Win32
		{07A49A16-4DC0-4A8C-A804-88B4994AB1C3}.Debug|Win32.ActiveCfg = Debug|Win32
		{07A49A16-4DC0-4A8C-A804-88B4994AB1C3}.Debug|Win32.Build.0 = Debug|Win32
		{07A49A16-4DC0-4A8C-A804-88B4994AB1C3}.Release|Win32.ActiveCfg = Release|Win32
		{07A49A16-4DC0-4A8C-A804-88B4994AB1C3}.Release|Win32.Build.0 = Release|Win32
		{58E65E19-DE2B-44E4-9A11-2C74C3A5F8B4}.Debug|Win32.ActiveCfg = Debug|Win32
		{58E65E19-DE2B-44E4-9A11-2C74C3A5F8B4}.Debug|Win32.Build.0 = Debug|Win32
		{58E65E19-DE2B-44E4-9A11-2C74C3A5F8B4}.Release|Win32.ActiveCfg = Release|Win32
		{58E65E19-DE2B-44E4-9A11-2C74C3A5F8B4}.Release|Win32.Build.0 = Release|Win32
	EndGlobalSection
	GlobalSection(SolutionProperties) = preSolution
		HideSolutionNode = FALSE
	EndGlobalSection
EndGlobal
